
Microsoft Visual Studio Solution File, Format Version 12.00
# Visual Studio Version 17
VisualStudioVersion = 17.11.35312.102
MinimumVisualStudioVersion = 10.0.40219.1
Project("{FAE04EC0-301F-11D3-BF4B-00C04F79EFBC}") = "D08_netto", "D08_netto\D08_netto.csproj", "{0939BB1C-DD7A-41BD-8C14-DB6E9F1268CD}"
EndProject
Global
	GlobalSection(SolutionConfigurationPlatforms) = preSolution
		Debug|Any CPU = Debug|Any CPU
		Release|Any CPU = Release|Any CPU
	EndGlobalSection
	GlobalSection(ProjectConfigurationPlatforms) = postSolution
		{0939BB1C-DD7A-41BD-8C14-DB6E9F1268CD}.Debug|Any CPU.ActiveCfg = Debug|Any CPU
		{0939BB1C-DD7A-41BD-8C14-DB6E9F1268CD}.Debug|Any CPU.Build.0 = Debug|Any CPU
		{0939BB1C-DD7A-41BD-8C14-DB6E9F1268CD}.Release|Any CPU.ActiveCfg = Release|Any CPU
		{0939BB1C-DD7A-41BD-8C14-DB6E9F1268CD}.Release|Any CPU.Build.0 = Release|Any CPU
	EndGlobalSection
	GlobalSection(SolutionProperties) = preSolution
		HideSolutionNode = FALSE
	EndGlobalSection
	GlobalSection(ExtensibilityGlobals) = postSolution
		SolutionGuid = {BE1ACA56-7F01-4174-8E16-2058294D0A64}
	EndGlobalSection
EndGlobal
