
Microsoft Visual Studio Solution File, Format Version 12.00
# Visual Studio Version 17
VisualStudioVersion = 17.11.35312.102
MinimumVisualStudioVersion = 10.0.40219.1
Project("{FAE04EC0-301F-11D3-BF4B-00C04F79EFBC}") = "D06_somtussengrenzen", "D06_somtussengrenzen\D06_somtussengrenzen.csproj", "{79B94702-9FBC-4646-A74F-9F366E9035F8}"
EndProject
Global
	GlobalSection(SolutionConfigurationPlatforms) = preSolution
		Debug|Any CPU = Debug|Any CPU
		Release|Any CPU = Release|Any CPU
	EndGlobalSection
	GlobalSection(ProjectConfigurationPlatforms) = postSolution
		{79B94702-9FBC-4646-A74F-9F366E9035F8}.Debug|Any CPU.ActiveCfg = Debug|Any CPU
		{79B94702-9FBC-4646-A74F-9F366E9035F8}.Debug|Any CPU.Build.0 = Debug|Any CPU
		{79B94702-9FBC-4646-A74F-9F366E9035F8}.Release|Any CPU.ActiveCfg = Release|Any CPU
		{79B94702-9FBC-4646-A74F-9F366E9035F8}.Release|Any CPU.Build.0 = Release|Any CPU
	EndGlobalSection
	GlobalSection(SolutionProperties) = preSolution
		HideSolutionNode = FALSE
	EndGlobalSection
	GlobalSection(ExtensibilityGlobals) = postSolution
		SolutionGuid = {EE0CA404-C074-4B41-BC26-3D7BDE4B8BA6}
	EndGlobalSection
EndGlobal
