
Microsoft Visual Studio Solution File, Format Version 12.00
# Visual Studio Version 17
VisualStudioVersion = 17.11.35312.102
MinimumVisualStudioVersion = 10.0.40219.1
Project("{FAE04EC0-301F-11D3-BF4B-00C04F79EFBC}") = "SpelmetwapenProject", "SpelmetwapenProject\SpelmetwapenProject.csproj", "{28408F9E-FE9B-4F98-B96A-BD3F999971A4}"
EndProject
Global
	GlobalSection(SolutionConfigurationPlatforms) = preSolution
		Debug|Any CPU = Debug|Any CPU
		Release|Any CPU = Release|Any CPU
	EndGlobalSection
	GlobalSection(ProjectConfigurationPlatforms) = postSolution
		{28408F9E-FE9B-4F98-B96A-BD3F999971A4}.Debug|Any CPU.ActiveCfg = Debug|Any CPU
		{28408F9E-FE9B-4F98-B96A-BD3F999971A4}.Debug|Any CPU.Build.0 = Debug|Any CPU
		{28408F9E-FE9B-4F98-B96A-BD3F999971A4}.Release|Any CPU.ActiveCfg = Release|Any CPU
		{28408F9E-FE9B-4F98-B96A-BD3F999971A4}.Release|Any CPU.Build.0 = Release|Any CPU
	EndGlobalSection
	GlobalSection(SolutionProperties) = preSolution
		HideSolutionNode = FALSE
	EndGlobalSection
	GlobalSection(ExtensibilityGlobals) = postSolution
		SolutionGuid = {185513E0-9A49-461D-8907-216DD584BECA}
	EndGlobalSection
EndGlobal
