
Microsoft Visual Studio Solution File, Format Version 12.00
# Visual Studio Version 17
VisualStudioVersion = 17.11.35312.102
MinimumVisualStudioVersion = 10.0.40219.1
Project("{FAE04EC0-301F-11D3-BF4B-00C04F79EFBC}") = "D09_durstenfeld", "D09_durstenfeld\D09_durstenfeld.csproj", "{DAD138C2-02F5-43B2-B874-0186A450708C}"
EndProject
Global
	GlobalSection(SolutionConfigurationPlatforms) = preSolution
		Debug|Any CPU = Debug|Any CPU
		Release|Any CPU = Release|Any CPU
	EndGlobalSection
	GlobalSection(ProjectConfigurationPlatforms) = postSolution
		{DAD138C2-02F5-43B2-B874-0186A450708C}.Debug|Any CPU.ActiveCfg = Debug|Any CPU
		{DAD138C2-02F5-43B2-B874-0186A450708C}.Debug|Any CPU.Build.0 = Debug|Any CPU
		{DAD138C2-02F5-43B2-B874-0186A450708C}.Release|Any CPU.ActiveCfg = Release|Any CPU
		{DAD138C2-02F5-43B2-B874-0186A450708C}.Release|Any CPU.Build.0 = Release|Any CPU
	EndGlobalSection
	GlobalSection(SolutionProperties) = preSolution
		HideSolutionNode = FALSE
	EndGlobalSection
	GlobalSection(ExtensibilityGlobals) = postSolution
		SolutionGuid = {12D81885-B15E-4DC7-B1CD-755B6C7BF044}
	EndGlobalSection
EndGlobal
