
Microsoft Visual Studio Solution File, Format Version 12.00
# Visual Studio Version 17
VisualStudioVersion = 17.11.35312.102
MinimumVisualStudioVersion = 10.0.40219.1
Project("{FAE04EC0-301F-11D3-BF4B-00C04F79EFBC}") = "D09morse", "D09morse\D09morse.csproj", "{EB94BC52-1A3D-43B7-B29F-2F2E3DB11F66}"
EndProject
Global
	GlobalSection(SolutionConfigurationPlatforms) = preSolution
		Debug|Any CPU = Debug|Any CPU
		Release|Any CPU = Release|Any CPU
	EndGlobalSection
	GlobalSection(ProjectConfigurationPlatforms) = postSolution
		{EB94BC52-1A3D-43B7-B29F-2F2E3DB11F66}.Debug|Any CPU.ActiveCfg = Debug|Any CPU
		{EB94BC52-1A3D-43B7-B29F-2F2E3DB11F66}.Debug|Any CPU.Build.0 = Debug|Any CPU
		{EB94BC52-1A3D-43B7-B29F-2F2E3DB11F66}.Release|Any CPU.ActiveCfg = Release|Any CPU
		{EB94BC52-1A3D-43B7-B29F-2F2E3DB11F66}.Release|Any CPU.Build.0 = Release|Any CPU
	EndGlobalSection
	GlobalSection(SolutionProperties) = preSolution
		HideSolutionNode = FALSE
	EndGlobalSection
	GlobalSection(ExtensibilityGlobals) = postSolution
		SolutionGuid = {73574673-4611-4844-BD71-7C776BFD115A}
	EndGlobalSection
EndGlobal
