
Microsoft Visual Studio Solution File, Format Version 12.00
# Visual Studio Version 17
VisualStudioVersion = 17.11.35312.102
MinimumVisualStudioVersion = 10.0.40219.1
Project("{FAE04EC0-301F-11D3-BF4B-00C04F79EFBC}") = "D02_quotient", "D02_quotient\D02_quotient.csproj", "{B44CC872-D713-4AA0-8BA2-A39E87AA48ED}"
EndProject
Global
	GlobalSection(SolutionConfigurationPlatforms) = preSolution
		Debug|Any CPU = Debug|Any CPU
		Release|Any CPU = Release|Any CPU
	EndGlobalSection
	GlobalSection(ProjectConfigurationPlatforms) = postSolution
		{B44CC872-D713-4AA0-8BA2-A39E87AA48ED}.Debug|Any CPU.ActiveCfg = Debug|Any CPU
		{B44CC872-D713-4AA0-8BA2-A39E87AA48ED}.Debug|Any CPU.Build.0 = Debug|Any CPU
		{B44CC872-D713-4AA0-8BA2-A39E87AA48ED}.Release|Any CPU.ActiveCfg = Release|Any CPU
		{B44CC872-D713-4AA0-8BA2-A39E87AA48ED}.Release|Any CPU.Build.0 = Release|Any CPU
	EndGlobalSection
	GlobalSection(SolutionProperties) = preSolution
		HideSolutionNode = FALSE
	EndGlobalSection
	GlobalSection(ExtensibilityGlobals) = postSolution
		SolutionGuid = {9A4E161E-480B-4F42-A3F8-039F3DBAF525}
	EndGlobalSection
EndGlobal
