
Microsoft Visual Studio Solution File, Format Version 12.00
# Visual Studio Version 17
VisualStudioVersion = 17.11.35312.102
MinimumVisualStudioVersion = 10.0.40219.1
Project("{FAE04EC0-301F-11D3-BF4B-00C04F79EFBC}") = "D15Rechthoek", "D15Rechthoek\D15Rechthoek.csproj", "{D5564649-185A-468C-B54B-2CEE41067B21}"
EndProject
Global
	GlobalSection(SolutionConfigurationPlatforms) = preSolution
		Debug|Any CPU = Debug|Any CPU
		Release|Any CPU = Release|Any CPU
	EndGlobalSection
	GlobalSection(ProjectConfigurationPlatforms) = postSolution
		{D5564649-185A-468C-B54B-2CEE41067B21}.Debug|Any CPU.ActiveCfg = Debug|Any CPU
		{D5564649-185A-468C-B54B-2CEE41067B21}.Debug|Any CPU.Build.0 = Debug|Any CPU
		{D5564649-185A-468C-B54B-2CEE41067B21}.Release|Any CPU.ActiveCfg = Release|Any CPU
		{D5564649-185A-468C-B54B-2CEE41067B21}.Release|Any CPU.Build.0 = Release|Any CPU
	EndGlobalSection
	GlobalSection(SolutionProperties) = preSolution
		HideSolutionNode = FALSE
	EndGlobalSection
	GlobalSection(ExtensibilityGlobals) = postSolution
		SolutionGuid = {C1365F53-7426-4A3A-8BE2-A5859E6A7EB1}
	EndGlobalSection
EndGlobal
