
Microsoft Visual Studio Solution File, Format Version 12.00
# Visual Studio Version 17
VisualStudioVersion = 17.11.35312.102
MinimumVisualStudioVersion = 10.0.40219.1
Project("{FAE04EC0-301F-11D3-BF4B-00C04F79EFBC}") = "D02_gelijk", "D02_gelijk\D02_gelijk.csproj", "{04A4847A-13F6-4F51-8E98-1DB70E11E846}"
EndProject
Global
	GlobalSection(SolutionConfigurationPlatforms) = preSolution
		Debug|Any CPU = Debug|Any CPU
		Release|Any CPU = Release|Any CPU
	EndGlobalSection
	GlobalSection(ProjectConfigurationPlatforms) = postSolution
		{04A4847A-13F6-4F51-8E98-1DB70E11E846}.Debug|Any CPU.ActiveCfg = Debug|Any CPU
		{04A4847A-13F6-4F51-8E98-1DB70E11E846}.Debug|Any CPU.Build.0 = Debug|Any CPU
		{04A4847A-13F6-4F51-8E98-1DB70E11E846}.Release|Any CPU.ActiveCfg = Release|Any CPU
		{04A4847A-13F6-4F51-8E98-1DB70E11E846}.Release|Any CPU.Build.0 = Release|Any CPU
	EndGlobalSection
	GlobalSection(SolutionProperties) = preSolution
		HideSolutionNode = FALSE
	EndGlobalSection
	GlobalSection(ExtensibilityGlobals) = postSolution
		SolutionGuid = {A3FE82F6-4CC4-4E82-8543-B52C84A718AB}
	EndGlobalSection
EndGlobal
