
Microsoft Visual Studio Solution File, Format Version 12.00
# Visual Studio Version 17
VisualStudioVersion = 17.11.35312.102
MinimumVisualStudioVersion = 10.0.40219.1
Project("{FAE04EC0-301F-11D3-BF4B-00C04F79EFBC}") = "D07_aantalkeere", "D07_aantalkeere\D07_aantalkeere.csproj", "{E022C1C3-45B5-4A55-9746-61F1BEA95458}"
EndProject
Global
	GlobalSection(SolutionConfigurationPlatforms) = preSolution
		Debug|Any CPU = Debug|Any CPU
		Release|Any CPU = Release|Any CPU
	EndGlobalSection
	GlobalSection(ProjectConfigurationPlatforms) = postSolution
		{E022C1C3-45B5-4A55-9746-61F1BEA95458}.Debug|Any CPU.ActiveCfg = Debug|Any CPU
		{E022C1C3-45B5-4A55-9746-61F1BEA95458}.Debug|Any CPU.Build.0 = Debug|Any CPU
		{E022C1C3-45B5-4A55-9746-61F1BEA95458}.Release|Any CPU.ActiveCfg = Release|Any CPU
		{E022C1C3-45B5-4A55-9746-61F1BEA95458}.Release|Any CPU.Build.0 = Release|Any CPU
	EndGlobalSection
	GlobalSection(SolutionProperties) = preSolution
		HideSolutionNode = FALSE
	EndGlobalSection
	GlobalSection(ExtensibilityGlobals) = postSolution
		SolutionGuid = {00626340-7E58-4D64-B67C-DC3C84CEF335}
	EndGlobalSection
EndGlobal
