
Microsoft Visual Studio Solution File, Format Version 12.00
# Visual Studio Version 17
VisualStudioVersion = 17.11.35312.102
MinimumVisualStudioVersion = 10.0.40219.1
Project("{FAE04EC0-301F-11D3-BF4B-00C04F79EFBC}") = "D08inhoudwisselen", "D08inhoudwisselen\D08inhoudwisselen.csproj", "{7E2D7213-BCC2-4DC4-9CC4-9896F263A8AA}"
EndProject
Global
	GlobalSection(SolutionConfigurationPlatforms) = preSolution
		Debug|Any CPU = Debug|Any CPU
		Release|Any CPU = Release|Any CPU
	EndGlobalSection
	GlobalSection(ProjectConfigurationPlatforms) = postSolution
		{7E2D7213-BCC2-4DC4-9CC4-9896F263A8AA}.Debug|Any CPU.ActiveCfg = Debug|Any CPU
		{7E2D7213-BCC2-4DC4-9CC4-9896F263A8AA}.Debug|Any CPU.Build.0 = Debug|Any CPU
		{7E2D7213-BCC2-4DC4-9CC4-9896F263A8AA}.Release|Any CPU.ActiveCfg = Release|Any CPU
		{7E2D7213-BCC2-4DC4-9CC4-9896F263A8AA}.Release|Any CPU.Build.0 = Release|Any CPU
	EndGlobalSection
	GlobalSection(SolutionProperties) = preSolution
		HideSolutionNode = FALSE
	EndGlobalSection
	GlobalSection(ExtensibilityGlobals) = postSolution
		SolutionGuid = {2A5B7365-FFE5-4DAE-AB66-9C6DE7D45C34}
	EndGlobalSection
EndGlobal
