
Microsoft Visual Studio Solution File, Format Version 12.00
# Visual Studio Version 17
VisualStudioVersion = 17.11.35312.102
MinimumVisualStudioVersion = 10.0.40219.1
Project("{FAE04EC0-301F-11D3-BF4B-00C04F79EFBC}") = "D07aantalkeere", "D07aantalkeere\D07aantalkeere.csproj", "{29BF8139-4CE1-47B7-BDFA-90E84B13F669}"
EndProject
Global
	GlobalSection(SolutionConfigurationPlatforms) = preSolution
		Debug|Any CPU = Debug|Any CPU
		Release|Any CPU = Release|Any CPU
	EndGlobalSection
	GlobalSection(ProjectConfigurationPlatforms) = postSolution
		{29BF8139-4CE1-47B7-BDFA-90E84B13F669}.Debug|Any CPU.ActiveCfg = Debug|Any CPU
		{29BF8139-4CE1-47B7-BDFA-90E84B13F669}.Debug|Any CPU.Build.0 = Debug|Any CPU
		{29BF8139-4CE1-47B7-BDFA-90E84B13F669}.Release|Any CPU.ActiveCfg = Release|Any CPU
		{29BF8139-4CE1-47B7-BDFA-90E84B13F669}.Release|Any CPU.Build.0 = Release|Any CPU
	EndGlobalSection
	GlobalSection(SolutionProperties) = preSolution
		HideSolutionNode = FALSE
	EndGlobalSection
	GlobalSection(ExtensibilityGlobals) = postSolution
		SolutionGuid = {C522946D-1192-4353-B2E5-EAC00D62DDC6}
	EndGlobalSection
EndGlobal
