
Microsoft Visual Studio Solution File, Format Version 12.00
# Visual Studio Version 17
VisualStudioVersion = 17.13.35825.156 d17.13
MinimumVisualStudioVersion = 10.0.40219.1
Project("{FAE04EC0-301F-11D3-BF4B-00C04F79EFBC}") = "PerfectGetalProject.Domein", "PerfectGetalProject.Domein\PerfectGetalProject.Domein.csproj", "{A4D4777D-A007-4F6F-AEB3-EDE5873FC10C}"
EndProject
Global
	GlobalSection(SolutionConfigurationPlatforms) = preSolution
		Debug|Any CPU = Debug|Any CPU
		Release|Any CPU = Release|Any CPU
	EndGlobalSection
	GlobalSection(ProjectConfigurationPlatforms) = postSolution
		{A4D4777D-A007-4F6F-AEB3-EDE5873FC10C}.Debug|Any CPU.ActiveCfg = Debug|Any CPU
		{A4D4777D-A007-4F6F-AEB3-EDE5873FC10C}.Debug|Any CPU.Build.0 = Debug|Any CPU
		{A4D4777D-A007-4F6F-AEB3-EDE5873FC10C}.Release|Any CPU.ActiveCfg = Release|Any CPU
		{A4D4777D-A007-4F6F-AEB3-EDE5873FC10C}.Release|Any CPU.Build.0 = Release|Any CPU
	EndGlobalSection
	GlobalSection(SolutionProperties) = preSolution
		HideSolutionNode = FALSE
	EndGlobalSection
	GlobalSection(ExtensibilityGlobals) = postSolution
		SolutionGuid = {28B747BB-497D-453B-8BCB-0CA30CE2A227}
	EndGlobalSection
EndGlobal
