
Microsoft Visual Studio Solution File, Format Version 12.00
# Visual Studio Version 17
VisualStudioVersion = 17.11.35312.102
MinimumVisualStudioVersion = 10.0.40219.1
Project("{FAE04EC0-301F-11D3-BF4B-00C04F79EFBC}") = "D01bmi", "D01bmi\D01bmi.csproj", "{DAE54D58-4B24-4A2F-9F4E-051C6FF08796}"
EndProject
Global
	GlobalSection(SolutionConfigurationPlatforms) = preSolution
		Debug|Any CPU = Debug|Any CPU
		Release|Any CPU = Release|Any CPU
	EndGlobalSection
	GlobalSection(ProjectConfigurationPlatforms) = postSolution
		{DAE54D58-4B24-4A2F-9F4E-051C6FF08796}.Debug|Any CPU.ActiveCfg = Debug|Any CPU
		{DAE54D58-4B24-4A2F-9F4E-051C6FF08796}.Debug|Any CPU.Build.0 = Debug|Any CPU
		{DAE54D58-4B24-4A2F-9F4E-051C6FF08796}.Release|Any CPU.ActiveCfg = Release|Any CPU
		{DAE54D58-4B24-4A2F-9F4E-051C6FF08796}.Release|Any CPU.Build.0 = Release|Any CPU
	EndGlobalSection
	GlobalSection(SolutionProperties) = preSolution
		HideSolutionNode = FALSE
	EndGlobalSection
	GlobalSection(ExtensibilityGlobals) = postSolution
		SolutionGuid = {E38680D4-C8D0-4790-8E68-6CBD9A63669A}
	EndGlobalSection
EndGlobal
