
Microsoft Visual Studio Solution File, Format Version 12.00
# Visual Studio Version 17
VisualStudioVersion = 17.11.35312.102
MinimumVisualStudioVersion = 10.0.40219.1
Project("{FAE04EC0-301F-11D3-BF4B-00C04F79EFBC}") = "D04bmi", "D04bmi\D04bmi.csproj", "{7D171DB1-5ECA-4FDA-BCA8-3B0D745151D2}"
EndProject
Global
	GlobalSection(SolutionConfigurationPlatforms) = preSolution
		Debug|Any CPU = Debug|Any CPU
		Release|Any CPU = Release|Any CPU
	EndGlobalSection
	GlobalSection(ProjectConfigurationPlatforms) = postSolution
		{7D171DB1-5ECA-4FDA-BCA8-3B0D745151D2}.Debug|Any CPU.ActiveCfg = Debug|Any CPU
		{7D171DB1-5ECA-4FDA-BCA8-3B0D745151D2}.Debug|Any CPU.Build.0 = Debug|Any CPU
		{7D171DB1-5ECA-4FDA-BCA8-3B0D745151D2}.Release|Any CPU.ActiveCfg = Release|Any CPU
		{7D171DB1-5ECA-4FDA-BCA8-3B0D745151D2}.Release|Any CPU.Build.0 = Release|Any CPU
	EndGlobalSection
	GlobalSection(SolutionProperties) = preSolution
		HideSolutionNode = FALSE
	EndGlobalSection
	GlobalSection(ExtensibilityGlobals) = postSolution
		SolutionGuid = {D6026F8F-5EAA-4ABB-A2F5-13F0E240EDDE}
	EndGlobalSection
EndGlobal
