
Microsoft Visual Studio Solution File, Format Version 12.00
# Visual Studio Version 17
VisualStudioVersion = 17.11.35312.102
MinimumVisualStudioVersion = 10.0.40219.1
Project("{FAE04EC0-301F-11D3-BF4B-00C04F79EFBC}") = "D02hetmaandieet", "D02hetmaandieet\D02hetmaandieet.csproj", "{F860E2AA-4170-42BA-998E-8AE81806F1E9}"
EndProject
Global
	GlobalSection(SolutionConfigurationPlatforms) = preSolution
		Debug|Any CPU = Debug|Any CPU
		Release|Any CPU = Release|Any CPU
	EndGlobalSection
	GlobalSection(ProjectConfigurationPlatforms) = postSolution
		{F860E2AA-4170-42BA-998E-8AE81806F1E9}.Debug|Any CPU.ActiveCfg = Debug|Any CPU
		{F860E2AA-4170-42BA-998E-8AE81806F1E9}.Debug|Any CPU.Build.0 = Debug|Any CPU
		{F860E2AA-4170-42BA-998E-8AE81806F1E9}.Release|Any CPU.ActiveCfg = Release|Any CPU
		{F860E2AA-4170-42BA-998E-8AE81806F1E9}.Release|Any CPU.Build.0 = Release|Any CPU
	EndGlobalSection
	GlobalSection(SolutionProperties) = preSolution
		HideSolutionNode = FALSE
	EndGlobalSection
	GlobalSection(ExtensibilityGlobals) = postSolution
		SolutionGuid = {2592B45A-A667-48E6-B5E0-43FD4580C602}
	EndGlobalSection
EndGlobal
