
Microsoft Visual Studio Solution File, Format Version 12.00
# Visual Studio Version 17
VisualStudioVersion = 17.11.35312.102
MinimumVisualStudioVersion = 10.0.40219.1
Project("{FAE04EC0-301F-11D3-BF4B-00C04F79EFBC}") = "D10dagen", "D10dagen\D10dagen.csproj", "{0B276225-929A-424D-A584-6146BFC09BCB}"
EndProject
Global
	GlobalSection(SolutionConfigurationPlatforms) = preSolution
		Debug|Any CPU = Debug|Any CPU
		Release|Any CPU = Release|Any CPU
	EndGlobalSection
	GlobalSection(ProjectConfigurationPlatforms) = postSolution
		{0B276225-929A-424D-A584-6146BFC09BCB}.Debug|Any CPU.ActiveCfg = Debug|Any CPU
		{0B276225-929A-424D-A584-6146BFC09BCB}.Debug|Any CPU.Build.0 = Debug|Any CPU
		{0B276225-929A-424D-A584-6146BFC09BCB}.Release|Any CPU.ActiveCfg = Release|Any CPU
		{0B276225-929A-424D-A584-6146BFC09BCB}.Release|Any CPU.Build.0 = Release|Any CPU
	EndGlobalSection
	GlobalSection(SolutionProperties) = preSolution
		HideSolutionNode = FALSE
	EndGlobalSection
	GlobalSection(ExtensibilityGlobals) = postSolution
		SolutionGuid = {204BD32A-1EE9-4E1A-A96E-2BE714438601}
	EndGlobalSection
EndGlobal
