
Microsoft Visual Studio Solution File, Format Version 12.00
# Visual Studio Version 17
VisualStudioVersion = 17.11.35312.102
MinimumVisualStudioVersion = 10.0.40219.1
Project("{FAE04EC0-301F-11D3-BF4B-00C04F79EFBC}") = "D18persoonopleeftijd", "D18persoonopleeftijd\D18persoonopleeftijd.csproj", "{64980437-EAEF-46CB-8E02-ADD8568DA130}"
EndProject
Global
	GlobalSection(SolutionConfigurationPlatforms) = preSolution
		Debug|Any CPU = Debug|Any CPU
		Release|Any CPU = Release|Any CPU
	EndGlobalSection
	GlobalSection(ProjectConfigurationPlatforms) = postSolution
		{64980437-EAEF-46CB-8E02-ADD8568DA130}.Debug|Any CPU.ActiveCfg = Debug|Any CPU
		{64980437-EAEF-46CB-8E02-ADD8568DA130}.Debug|Any CPU.Build.0 = Debug|Any CPU
		{64980437-EAEF-46CB-8E02-ADD8568DA130}.Release|Any CPU.ActiveCfg = Release|Any CPU
		{64980437-EAEF-46CB-8E02-ADD8568DA130}.Release|Any CPU.Build.0 = Release|Any CPU
	EndGlobalSection
	GlobalSection(SolutionProperties) = preSolution
		HideSolutionNode = FALSE
	EndGlobalSection
	GlobalSection(ExtensibilityGlobals) = postSolution
		SolutionGuid = {091ACE5D-F95B-4D20-9026-39BA73AA5A66}
	EndGlobalSection
EndGlobal
