
Microsoft Visual Studio Solution File, Format Version 12.00
# Visual Studio Version 17
VisualStudioVersion = 17.11.35312.102
MinimumVisualStudioVersion = 10.0.40219.1
Project("{FAE04EC0-301F-11D3-BF4B-00C04F79EFBC}") = "D02frietjes", "D02frietjes\D02frietjes.csproj", "{1A0F69E1-131D-4886-8367-A50344327E38}"
EndProject
Global
	GlobalSection(SolutionConfigurationPlatforms) = preSolution
		Debug|Any CPU = Debug|Any CPU
		Release|Any CPU = Release|Any CPU
	EndGlobalSection
	GlobalSection(ProjectConfigurationPlatforms) = postSolution
		{1A0F69E1-131D-4886-8367-A50344327E38}.Debug|Any CPU.ActiveCfg = Debug|Any CPU
		{1A0F69E1-131D-4886-8367-A50344327E38}.Debug|Any CPU.Build.0 = Debug|Any CPU
		{1A0F69E1-131D-4886-8367-A50344327E38}.Release|Any CPU.ActiveCfg = Release|Any CPU
		{1A0F69E1-131D-4886-8367-A50344327E38}.Release|Any CPU.Build.0 = Release|Any CPU
	EndGlobalSection
	GlobalSection(SolutionProperties) = preSolution
		HideSolutionNode = FALSE
	EndGlobalSection
	GlobalSection(ExtensibilityGlobals) = postSolution
		SolutionGuid = {5D7823B4-9442-4CA2-A0C4-39820C298932}
	EndGlobalSection
EndGlobal
