
Microsoft Visual Studio Solution File, Format Version 12.00
# Visual Studio Version 17
VisualStudioVersion = 17.11.35312.102
MinimumVisualStudioVersion = 10.0.40219.1
Project("{FAE04EC0-301F-11D3-BF4B-00C04F79EFBC}") = "D02gelijk", "D02gelijk\D02gelijk.csproj", "{4744F084-0173-4524-8E63-2CFFAE8982B2}"
EndProject
Global
	GlobalSection(SolutionConfigurationPlatforms) = preSolution
		Debug|Any CPU = Debug|Any CPU
		Release|Any CPU = Release|Any CPU
	EndGlobalSection
	GlobalSection(ProjectConfigurationPlatforms) = postSolution
		{4744F084-0173-4524-8E63-2CFFAE8982B2}.Debug|Any CPU.ActiveCfg = Debug|Any CPU
		{4744F084-0173-4524-8E63-2CFFAE8982B2}.Debug|Any CPU.Build.0 = Debug|Any CPU
		{4744F084-0173-4524-8E63-2CFFAE8982B2}.Release|Any CPU.ActiveCfg = Release|Any CPU
		{4744F084-0173-4524-8E63-2CFFAE8982B2}.Release|Any CPU.Build.0 = Release|Any CPU
	EndGlobalSection
	GlobalSection(SolutionProperties) = preSolution
		HideSolutionNode = FALSE
	EndGlobalSection
	GlobalSection(ExtensibilityGlobals) = postSolution
		SolutionGuid = {8B4015D3-2E48-479A-B90B-962758DDBC17}
	EndGlobalSection
EndGlobal
