
Microsoft Visual Studio Solution File, Format Version 12.00
# Visual Studio Version 17
VisualStudioVersion = 17.11.35312.102
MinimumVisualStudioVersion = 10.0.40219.1
Project("{FAE04EC0-301F-11D3-BF4B-00C04F79EFBC}") = "D09_toonscore", "D09_toonscore\D09_toonscore.csproj", "{45869451-73F5-4170-95D4-D9D077F5044C}"
EndProject
Global
	GlobalSection(SolutionConfigurationPlatforms) = preSolution
		Debug|Any CPU = Debug|Any CPU
		Release|Any CPU = Release|Any CPU
	EndGlobalSection
	GlobalSection(ProjectConfigurationPlatforms) = postSolution
		{45869451-73F5-4170-95D4-D9D077F5044C}.Debug|Any CPU.ActiveCfg = Debug|Any CPU
		{45869451-73F5-4170-95D4-D9D077F5044C}.Debug|Any CPU.Build.0 = Debug|Any CPU
		{45869451-73F5-4170-95D4-D9D077F5044C}.Release|Any CPU.ActiveCfg = Release|Any CPU
		{45869451-73F5-4170-95D4-D9D077F5044C}.Release|Any CPU.Build.0 = Release|Any CPU
	EndGlobalSection
	GlobalSection(SolutionProperties) = preSolution
		HideSolutionNode = FALSE
	EndGlobalSection
	GlobalSection(ExtensibilityGlobals) = postSolution
		SolutionGuid = {ACDA7054-F572-43FE-9C7A-E01468C51798}
	EndGlobalSection
EndGlobal
