
Microsoft Visual Studio Solution File, Format Version 12.00
# Visual Studio Version 17
VisualStudioVersion = 17.11.35312.102
MinimumVisualStudioVersion = 10.0.40219.1
Project("{FAE04EC0-301F-11D3-BF4B-00C04F79EFBC}") = "D16vijfkleinstegetallen", "D16vijfkleinstegetallen\D16vijfkleinstegetallen.csproj", "{6C86C9A1-902B-4601-8703-D96F439DBBFE}"
EndProject
Global
	GlobalSection(SolutionConfigurationPlatforms) = preSolution
		Debug|Any CPU = Debug|Any CPU
		Release|Any CPU = Release|Any CPU
	EndGlobalSection
	GlobalSection(ProjectConfigurationPlatforms) = postSolution
		{6C86C9A1-902B-4601-8703-D96F439DBBFE}.Debug|Any CPU.ActiveCfg = Debug|Any CPU
		{6C86C9A1-902B-4601-8703-D96F439DBBFE}.Debug|Any CPU.Build.0 = Debug|Any CPU
		{6C86C9A1-902B-4601-8703-D96F439DBBFE}.Release|Any CPU.ActiveCfg = Release|Any CPU
		{6C86C9A1-902B-4601-8703-D96F439DBBFE}.Release|Any CPU.Build.0 = Release|Any CPU
	EndGlobalSection
	GlobalSection(SolutionProperties) = preSolution
		HideSolutionNode = FALSE
	EndGlobalSection
	GlobalSection(ExtensibilityGlobals) = postSolution
		SolutionGuid = {D7E5429D-8AA0-441F-9201-AF221DF20AFD}
	EndGlobalSection
EndGlobal
