
Microsoft Visual Studio Solution File, Format Version 12.00
# Visual Studio Version 17
VisualStudioVersion = 17.11.35312.102
MinimumVisualStudioVersion = 10.0.40219.1
Project("{FAE04EC0-301F-11D3-BF4B-00C04F79EFBC}") = "D10temperatuur", "D10temperatuur\D10temperatuur.csproj", "{ECDE63C7-8D8F-44FB-AAB9-98459B92456D}"
EndProject
Global
	GlobalSection(SolutionConfigurationPlatforms) = preSolution
		Debug|Any CPU = Debug|Any CPU
		Release|Any CPU = Release|Any CPU
	EndGlobalSection
	GlobalSection(ProjectConfigurationPlatforms) = postSolution
		{ECDE63C7-8D8F-44FB-AAB9-98459B92456D}.Debug|Any CPU.ActiveCfg = Debug|Any CPU
		{ECDE63C7-8D8F-44FB-AAB9-98459B92456D}.Debug|Any CPU.Build.0 = Debug|Any CPU
		{ECDE63C7-8D8F-44FB-AAB9-98459B92456D}.Release|Any CPU.ActiveCfg = Release|Any CPU
		{ECDE63C7-8D8F-44FB-AAB9-98459B92456D}.Release|Any CPU.Build.0 = Release|Any CPU
	EndGlobalSection
	GlobalSection(SolutionProperties) = preSolution
		HideSolutionNode = FALSE
	EndGlobalSection
	GlobalSection(ExtensibilityGlobals) = postSolution
		SolutionGuid = {A695AE6B-970C-49AC-98F7-252EB5CADA81}
	EndGlobalSection
EndGlobal
