
Microsoft Visual Studio Solution File, Format Version 12.00
# Visual Studio Version 17
VisualStudioVersion = 17.11.35312.102
MinimumVisualStudioVersion = 10.0.40219.1
Project("{FAE04EC0-301F-11D3-BF4B-00C04F79EFBC}") = "D02_leeftijdvolgendjaar", "D02_leeftijdvolgendjaar\D02_leeftijdvolgendjaar.csproj", "{AA1EBD7A-069C-439E-9BD8-CBC6E013C33F}"
EndProject
Global
	GlobalSection(SolutionConfigurationPlatforms) = preSolution
		Debug|Any CPU = Debug|Any CPU
		Release|Any CPU = Release|Any CPU
	EndGlobalSection
	GlobalSection(ProjectConfigurationPlatforms) = postSolution
		{AA1EBD7A-069C-439E-9BD8-CBC6E013C33F}.Debug|Any CPU.ActiveCfg = Debug|Any CPU
		{AA1EBD7A-069C-439E-9BD8-CBC6E013C33F}.Debug|Any CPU.Build.0 = Debug|Any CPU
		{AA1EBD7A-069C-439E-9BD8-CBC6E013C33F}.Release|Any CPU.ActiveCfg = Release|Any CPU
		{AA1EBD7A-069C-439E-9BD8-CBC6E013C33F}.Release|Any CPU.Build.0 = Release|Any CPU
	EndGlobalSection
	GlobalSection(SolutionProperties) = preSolution
		HideSolutionNode = FALSE
	EndGlobalSection
	GlobalSection(ExtensibilityGlobals) = postSolution
		SolutionGuid = {097E00FD-7A70-40C8-BA1C-D95DA884A475}
	EndGlobalSection
EndGlobal
