
Microsoft Visual Studio Solution File, Format Version 12.00
# Visual Studio Version 17
VisualStudioVersion = 17.11.35312.102
MinimumVisualStudioVersion = 10.0.40219.1
Project("{FAE04EC0-301F-11D3-BF4B-00C04F79EFBC}") = "D12palindroom", "D12palindroom\D12palindroom.csproj", "{6F2F44E0-BE8F-4324-86AA-A03E3F334E79}"
EndProject
Global
	GlobalSection(SolutionConfigurationPlatforms) = preSolution
		Debug|Any CPU = Debug|Any CPU
		Release|Any CPU = Release|Any CPU
	EndGlobalSection
	GlobalSection(ProjectConfigurationPlatforms) = postSolution
		{6F2F44E0-BE8F-4324-86AA-A03E3F334E79}.Debug|Any CPU.ActiveCfg = Debug|Any CPU
		{6F2F44E0-BE8F-4324-86AA-A03E3F334E79}.Debug|Any CPU.Build.0 = Debug|Any CPU
		{6F2F44E0-BE8F-4324-86AA-A03E3F334E79}.Release|Any CPU.ActiveCfg = Release|Any CPU
		{6F2F44E0-BE8F-4324-86AA-A03E3F334E79}.Release|Any CPU.Build.0 = Release|Any CPU
	EndGlobalSection
	GlobalSection(SolutionProperties) = preSolution
		HideSolutionNode = FALSE
	EndGlobalSection
	GlobalSection(ExtensibilityGlobals) = postSolution
		SolutionGuid = {08383D23-D7FE-47C5-8B53-60B499A51850}
	EndGlobalSection
EndGlobal
