
Microsoft Visual Studio Solution File, Format Version 12.00
# Visual Studio Version 17
VisualStudioVersion = 17.11.35312.102
MinimumVisualStudioVersion = 10.0.40219.1
Project("{FAE04EC0-301F-11D3-BF4B-00C04F79EFBC}") = "D02_absolutewaarde", "D02_absolutewaarde\D02_absolutewaarde.csproj", "{8E5E148C-9BF6-440B-8790-F2BE10133549}"
EndProject
Global
	GlobalSection(SolutionConfigurationPlatforms) = preSolution
		Debug|Any CPU = Debug|Any CPU
		Release|Any CPU = Release|Any CPU
	EndGlobalSection
	GlobalSection(ProjectConfigurationPlatforms) = postSolution
		{8E5E148C-9BF6-440B-8790-F2BE10133549}.Debug|Any CPU.ActiveCfg = Debug|Any CPU
		{8E5E148C-9BF6-440B-8790-F2BE10133549}.Debug|Any CPU.Build.0 = Debug|Any CPU
		{8E5E148C-9BF6-440B-8790-F2BE10133549}.Release|Any CPU.ActiveCfg = Release|Any CPU
		{8E5E148C-9BF6-440B-8790-F2BE10133549}.Release|Any CPU.Build.0 = Release|Any CPU
	EndGlobalSection
	GlobalSection(SolutionProperties) = preSolution
		HideSolutionNode = FALSE
	EndGlobalSection
	GlobalSection(ExtensibilityGlobals) = postSolution
		SolutionGuid = {2DEB11C8-6905-461D-9A9E-164DC78A472C}
	EndGlobalSection
EndGlobal
