
Microsoft Visual Studio Solution File, Format Version 12.00
# Visual Studio Version 17
VisualStudioVersion = 17.11.35312.102
MinimumVisualStudioVersion = 10.0.40219.1
Project("{FAE04EC0-301F-11D3-BF4B-00C04F79EFBC}") = "D01codepositioneren", "D01codepositioneren\D01codepositioneren.csproj", "{AB8AADF1-7E7B-4CDA-B6FF-3D4F7FE5E052}"
EndProject
Global
	GlobalSection(SolutionConfigurationPlatforms) = preSolution
		Debug|Any CPU = Debug|Any CPU
		Release|Any CPU = Release|Any CPU
	EndGlobalSection
	GlobalSection(ProjectConfigurationPlatforms) = postSolution
		{AB8AADF1-7E7B-4CDA-B6FF-3D4F7FE5E052}.Debug|Any CPU.ActiveCfg = Debug|Any CPU
		{AB8AADF1-7E7B-4CDA-B6FF-3D4F7FE5E052}.Debug|Any CPU.Build.0 = Debug|Any CPU
		{AB8AADF1-7E7B-4CDA-B6FF-3D4F7FE5E052}.Release|Any CPU.ActiveCfg = Release|Any CPU
		{AB8AADF1-7E7B-4CDA-B6FF-3D4F7FE5E052}.Release|Any CPU.Build.0 = Release|Any CPU
	EndGlobalSection
	GlobalSection(SolutionProperties) = preSolution
		HideSolutionNode = FALSE
	EndGlobalSection
	GlobalSection(ExtensibilityGlobals) = postSolution
		SolutionGuid = {CBA4F02E-B845-4E3F-9D4A-1C60BE9EC750}
	EndGlobalSection
EndGlobal
