
Microsoft Visual Studio Solution File, Format Version 12.00
# Visual Studio Version 17
VisualStudioVersion = 17.11.35312.102
MinimumVisualStudioVersion = 10.0.40219.1
Project("{FAE04EC0-301F-11D3-BF4B-00C04F79EFBC}") = "D03kleinermetmathmin", "D03kleinermetmathmin\D03kleinermetmathmin.csproj", "{4E2A9A12-D03C-42A7-BBE4-D8C28669032F}"
EndProject
Global
	GlobalSection(SolutionConfigurationPlatforms) = preSolution
		Debug|Any CPU = Debug|Any CPU
		Release|Any CPU = Release|Any CPU
	EndGlobalSection
	GlobalSection(ProjectConfigurationPlatforms) = postSolution
		{4E2A9A12-D03C-42A7-BBE4-D8C28669032F}.Debug|Any CPU.ActiveCfg = Debug|Any CPU
		{4E2A9A12-D03C-42A7-BBE4-D8C28669032F}.Debug|Any CPU.Build.0 = Debug|Any CPU
		{4E2A9A12-D03C-42A7-BBE4-D8C28669032F}.Release|Any CPU.ActiveCfg = Release|Any CPU
		{4E2A9A12-D03C-42A7-BBE4-D8C28669032F}.Release|Any CPU.Build.0 = Release|Any CPU
	EndGlobalSection
	GlobalSection(SolutionProperties) = preSolution
		HideSolutionNode = FALSE
	EndGlobalSection
	GlobalSection(ExtensibilityGlobals) = postSolution
		SolutionGuid = {0C17B5B6-4CB3-4E86-A13D-F16AD8BBBA7B}
	EndGlobalSection
EndGlobal
