
Microsoft Visual Studio Solution File, Format Version 12.00
# Visual Studio Version 17
VisualStudioVersion = 17.11.35312.102
MinimumVisualStudioVersion = 10.0.40219.1
Project("{FAE04EC0-301F-11D3-BF4B-00C04F79EFBC}") = "D08woordslang", "D08woordslang\D08woordslang.csproj", "{B990279D-50DB-40EA-991C-29B08261C019}"
EndProject
Global
	GlobalSection(SolutionConfigurationPlatforms) = preSolution
		Debug|Any CPU = Debug|Any CPU
		Release|Any CPU = Release|Any CPU
	EndGlobalSection
	GlobalSection(ProjectConfigurationPlatforms) = postSolution
		{B990279D-50DB-40EA-991C-29B08261C019}.Debug|Any CPU.ActiveCfg = Debug|Any CPU
		{B990279D-50DB-40EA-991C-29B08261C019}.Debug|Any CPU.Build.0 = Debug|Any CPU
		{B990279D-50DB-40EA-991C-29B08261C019}.Release|Any CPU.ActiveCfg = Release|Any CPU
		{B990279D-50DB-40EA-991C-29B08261C019}.Release|Any CPU.Build.0 = Release|Any CPU
	EndGlobalSection
	GlobalSection(SolutionProperties) = preSolution
		HideSolutionNode = FALSE
	EndGlobalSection
	GlobalSection(ExtensibilityGlobals) = postSolution
		SolutionGuid = {BE3802D8-E975-4D9A-8D8E-7F0F66C3D6A0}
	EndGlobalSection
EndGlobal
