
Microsoft Visual Studio Solution File, Format Version 12.00
# Visual Studio Version 17
VisualStudioVersion = 17.11.35312.102
MinimumVisualStudioVersion = 10.0.40219.1
Project("{FAE04EC0-301F-11D3-BF4B-00C04F79EFBC}") = "D09speelkaarten", "D09speelkaarten\D09speelkaarten.csproj", "{220C115A-8D3E-4638-A6A3-980084336FCB}"
EndProject
Global
	GlobalSection(SolutionConfigurationPlatforms) = preSolution
		Debug|Any CPU = Debug|Any CPU
		Release|Any CPU = Release|Any CPU
	EndGlobalSection
	GlobalSection(ProjectConfigurationPlatforms) = postSolution
		{220C115A-8D3E-4638-A6A3-980084336FCB}.Debug|Any CPU.ActiveCfg = Debug|Any CPU
		{220C115A-8D3E-4638-A6A3-980084336FCB}.Debug|Any CPU.Build.0 = Debug|Any CPU
		{220C115A-8D3E-4638-A6A3-980084336FCB}.Release|Any CPU.ActiveCfg = Release|Any CPU
		{220C115A-8D3E-4638-A6A3-980084336FCB}.Release|Any CPU.Build.0 = Release|Any CPU
	EndGlobalSection
	GlobalSection(SolutionProperties) = preSolution
		HideSolutionNode = FALSE
	EndGlobalSection
	GlobalSection(ExtensibilityGlobals) = postSolution
		SolutionGuid = {04D02B96-67F3-4B7D-8634-870F7D190A60}
	EndGlobalSection
EndGlobal
