
Microsoft Visual Studio Solution File, Format Version 12.00
# Visual Studio Version 16
VisualStudioVersion = 16.0.31702.278
MinimumVisualStudioVersion = 10.0.40219.1
Project("{9A19103F-16F7-4668-BE54-9A1E7A4F7556}") = "BusStops.Domain", "Bushaltes.Domain\BusStops.Domain.csproj", "{831C0C4B-5B49-4922-8F24-0854ED758C5A}"
EndProject
Project("{9A19103F-16F7-4668-BE54-9A1E7A4F7556}") = "BusStops.Persistence", "Bushaltes.Persistence\BusStops.Persistence.csproj", "{AE97E834-6212-4CC8-9CEE-AF5FCFCCEC38}"
EndProject
Project("{9A19103F-16F7-4668-BE54-9A1E7A4F7556}") = "BusStops.Presentation", "Bushaltes.Presentation\BusStops.Presentation.csproj", "{D52CAB82-7BB8-4AA5-833A-AA52F0676D07}"
EndProject
Global
	GlobalSection(SolutionConfigurationPlatforms) = preSolution
		Debug|Any CPU = Debug|Any CPU
		Release|Any CPU = Release|Any CPU
	EndGlobalSection
	GlobalSection(ProjectConfigurationPlatforms) = postSolution
		{831C0C4B-5B49-4922-8F24-0854ED758C5A}.Debug|Any CPU.ActiveCfg = Debug|Any CPU
		{831C0C4B-5B49-4922-8F24-0854ED758C5A}.Debug|Any CPU.Build.0 = Debug|Any CPU
		{831C0C4B-5B49-4922-8F24-0854ED758C5A}.Release|Any CPU.ActiveCfg = Release|Any CPU
		{831C0C4B-5B49-4922-8F24-0854ED758C5A}.Release|Any CPU.Build.0 = Release|Any CPU
		{AE97E834-6212-4CC8-9CEE-AF5FCFCCEC38}.Debug|Any CPU.ActiveCfg = Debug|Any CPU
		{AE97E834-6212-4CC8-9CEE-AF5FCFCCEC38}.Debug|Any CPU.Build.0 = Debug|Any CPU
		{AE97E834-6212-4CC8-9CEE-AF5FCFCCEC38}.Release|Any CPU.ActiveCfg = Release|Any CPU
		{AE97E834-6212-4CC8-9CEE-AF5FCFCCEC38}.Release|Any CPU.Build.0 = Release|Any CPU
		{D52CAB82-7BB8-4AA5-833A-AA52F0676D07}.Debug|Any CPU.ActiveCfg = Debug|Any CPU
		{D52CAB82-7BB8-4AA5-833A-AA52F0676D07}.Debug|Any CPU.Build.0 = Debug|Any CPU
		{D52CAB82-7BB8-4AA5-833A-AA52F0676D07}.Release|Any CPU.ActiveCfg = Release|Any CPU
		{D52CAB82-7BB8-4AA5-833A-AA52F0676D07}.Release|Any CPU.Build.0 = Release|Any CPU
	EndGlobalSection
	GlobalSection(SolutionProperties) = preSolution
		HideSolutionNode = FALSE
	EndGlobalSection
	GlobalSection(ExtensibilityGlobals) = postSolution
		SolutionGuid = {9A2340AD-E7E9-4092-A018-45D280E39109}
	EndGlobalSection
EndGlobal
