
Microsoft Visual Studio Solution File, Format Version 12.00
# Visual Studio Version 17
VisualStudioVersion = 17.11.35312.102
MinimumVisualStudioVersion = 10.0.40219.1
Project("{FAE04EC0-301F-11D3-BF4B-00C04F79EFBC}") = "D10_dagenfebruari", "D10_dagenfebruari\D10_dagenfebruari.csproj", "{7842B476-92D8-4BB8-8D5C-371EC875ECC2}"
EndProject
Global
	GlobalSection(SolutionConfigurationPlatforms) = preSolution
		Debug|Any CPU = Debug|Any CPU
		Release|Any CPU = Release|Any CPU
	EndGlobalSection
	GlobalSection(ProjectConfigurationPlatforms) = postSolution
		{7842B476-92D8-4BB8-8D5C-371EC875ECC2}.Debug|Any CPU.ActiveCfg = Debug|Any CPU
		{7842B476-92D8-4BB8-8D5C-371EC875ECC2}.Debug|Any CPU.Build.0 = Debug|Any CPU
		{7842B476-92D8-4BB8-8D5C-371EC875ECC2}.Release|Any CPU.ActiveCfg = Release|Any CPU
		{7842B476-92D8-4BB8-8D5C-371EC875ECC2}.Release|Any CPU.Build.0 = Release|Any CPU
	EndGlobalSection
	GlobalSection(SolutionProperties) = preSolution
		HideSolutionNode = FALSE
	EndGlobalSection
	GlobalSection(ExtensibilityGlobals) = postSolution
		SolutionGuid = {2DEA2143-1A76-4368-A96D-219F95798B0D}
	EndGlobalSection
EndGlobal
