
Microsoft Visual Studio Solution File, Format Version 12.00
# Visual Studio Version 17
VisualStudioVersion = 17.11.35312.102
MinimumVisualStudioVersion = 10.0.40219.1
Project("{FAE04EC0-301F-11D3-BF4B-00C04F79EFBC}") = "D08aansprekingen", "D08aansprekingen\D08aansprekingen.csproj", "{01D73B50-BCEE-4804-A041-1FEDDF1CEF3C}"
EndProject
Global
	GlobalSection(SolutionConfigurationPlatforms) = preSolution
		Debug|Any CPU = Debug|Any CPU
		Release|Any CPU = Release|Any CPU
	EndGlobalSection
	GlobalSection(ProjectConfigurationPlatforms) = postSolution
		{01D73B50-BCEE-4804-A041-1FEDDF1CEF3C}.Debug|Any CPU.ActiveCfg = Debug|Any CPU
		{01D73B50-BCEE-4804-A041-1FEDDF1CEF3C}.Debug|Any CPU.Build.0 = Debug|Any CPU
		{01D73B50-BCEE-4804-A041-1FEDDF1CEF3C}.Release|Any CPU.ActiveCfg = Release|Any CPU
		{01D73B50-BCEE-4804-A041-1FEDDF1CEF3C}.Release|Any CPU.Build.0 = Release|Any CPU
	EndGlobalSection
	GlobalSection(SolutionProperties) = preSolution
		HideSolutionNode = FALSE
	EndGlobalSection
	GlobalSection(ExtensibilityGlobals) = postSolution
		SolutionGuid = {870ADC4C-AFE2-4F99-A02A-850510664315}
	EndGlobalSection
EndGlobal
