
Microsoft Visual Studio Solution File, Format Version 12.00
# Visual Studio Version 17
VisualStudioVersion = 17.11.35312.102
MinimumVisualStudioVersion = 10.0.40219.1
Project("{FAE04EC0-301F-11D3-BF4B-00C04F79EFBC}") = "D06somevenoneven", "D06somevenoneven\D06somevenoneven.csproj", "{98F1BD1E-EC1F-4788-807B-A3F7DA958B9E}"
EndProject
Global
	GlobalSection(SolutionConfigurationPlatforms) = preSolution
		Debug|Any CPU = Debug|Any CPU
		Release|Any CPU = Release|Any CPU
	EndGlobalSection
	GlobalSection(ProjectConfigurationPlatforms) = postSolution
		{98F1BD1E-EC1F-4788-807B-A3F7DA958B9E}.Debug|Any CPU.ActiveCfg = Debug|Any CPU
		{98F1BD1E-EC1F-4788-807B-A3F7DA958B9E}.Debug|Any CPU.Build.0 = Debug|Any CPU
		{98F1BD1E-EC1F-4788-807B-A3F7DA958B9E}.Release|Any CPU.ActiveCfg = Release|Any CPU
		{98F1BD1E-EC1F-4788-807B-A3F7DA958B9E}.Release|Any CPU.Build.0 = Release|Any CPU
	EndGlobalSection
	GlobalSection(SolutionProperties) = preSolution
		HideSolutionNode = FALSE
	EndGlobalSection
	GlobalSection(ExtensibilityGlobals) = postSolution
		SolutionGuid = {BECBF53F-7930-44DF-94CC-751C9FCC9917}
	EndGlobalSection
EndGlobal
