
Microsoft Visual Studio Solution File, Format Version 12.00
# Visual Studio Version 17
VisualStudioVersion = 17.11.35312.102
MinimumVisualStudioVersion = 10.0.40219.1
Project("{FAE04EC0-301F-11D3-BF4B-00C04F79EFBC}") = "D10toongetallenmetmethod", "D10toongetallenmetmethod\D10toongetallenmetmethod.csproj", "{57BB48F3-14FB-4FDE-A31A-99C217B72B35}"
EndProject
Global
	GlobalSection(SolutionConfigurationPlatforms) = preSolution
		Debug|Any CPU = Debug|Any CPU
		Release|Any CPU = Release|Any CPU
	EndGlobalSection
	GlobalSection(ProjectConfigurationPlatforms) = postSolution
		{57BB48F3-14FB-4FDE-A31A-99C217B72B35}.Debug|Any CPU.ActiveCfg = Debug|Any CPU
		{57BB48F3-14FB-4FDE-A31A-99C217B72B35}.Debug|Any CPU.Build.0 = Debug|Any CPU
		{57BB48F3-14FB-4FDE-A31A-99C217B72B35}.Release|Any CPU.ActiveCfg = Release|Any CPU
		{57BB48F3-14FB-4FDE-A31A-99C217B72B35}.Release|Any CPU.Build.0 = Release|Any CPU
	EndGlobalSection
	GlobalSection(SolutionProperties) = preSolution
		HideSolutionNode = FALSE
	EndGlobalSection
	GlobalSection(ExtensibilityGlobals) = postSolution
		SolutionGuid = {15D667E2-8A69-42A6-A2A1-330CACEC4D50}
	EndGlobalSection
EndGlobal
