
Microsoft Visual Studio Solution File, Format Version 12.00
# Visual Studio Version 17
VisualStudioVersion = 17.11.35312.102
MinimumVisualStudioVersion = 10.0.40219.1
Project("{FAE04EC0-301F-11D3-BF4B-00C04F79EFBC}") = "D14afstandtussenpunten", "D14afstandtussenpunten\D14afstandtussenpunten.csproj", "{C01BC578-8AA2-4771-B66B-698542DC77AF}"
EndProject
Global
	GlobalSection(SolutionConfigurationPlatforms) = preSolution
		Debug|Any CPU = Debug|Any CPU
		Release|Any CPU = Release|Any CPU
	EndGlobalSection
	GlobalSection(ProjectConfigurationPlatforms) = postSolution
		{C01BC578-8AA2-4771-B66B-698542DC77AF}.Debug|Any CPU.ActiveCfg = Debug|Any CPU
		{C01BC578-8AA2-4771-B66B-698542DC77AF}.Debug|Any CPU.Build.0 = Debug|Any CPU
		{C01BC578-8AA2-4771-B66B-698542DC77AF}.Release|Any CPU.ActiveCfg = Release|Any CPU
		{C01BC578-8AA2-4771-B66B-698542DC77AF}.Release|Any CPU.Build.0 = Release|Any CPU
	EndGlobalSection
	GlobalSection(SolutionProperties) = preSolution
		HideSolutionNode = FALSE
	EndGlobalSection
	GlobalSection(ExtensibilityGlobals) = postSolution
		SolutionGuid = {555F9CC7-AF09-404E-8733-950B99046536}
	EndGlobalSection
EndGlobal
