
Microsoft Visual Studio Solution File, Format Version 12.00
# Visual Studio Version 17
VisualStudioVersion = 17.11.35312.102
MinimumVisualStudioVersion = 10.0.40219.1
Project("{FAE04EC0-301F-11D3-BF4B-00C04F79EFBC}") = "D08_positieszoekenmooier", "D08_positieszoekenmooier\D08_positieszoekenmooier.csproj", "{82946B83-A758-485E-99E3-BC613A0BDC2A}"
EndProject
Global
	GlobalSection(SolutionConfigurationPlatforms) = preSolution
		Debug|Any CPU = Debug|Any CPU
		Release|Any CPU = Release|Any CPU
	EndGlobalSection
	GlobalSection(ProjectConfigurationPlatforms) = postSolution
		{82946B83-A758-485E-99E3-BC613A0BDC2A}.Debug|Any CPU.ActiveCfg = Debug|Any CPU
		{82946B83-A758-485E-99E3-BC613A0BDC2A}.Debug|Any CPU.Build.0 = Debug|Any CPU
		{82946B83-A758-485E-99E3-BC613A0BDC2A}.Release|Any CPU.ActiveCfg = Release|Any CPU
		{82946B83-A758-485E-99E3-BC613A0BDC2A}.Release|Any CPU.Build.0 = Release|Any CPU
	EndGlobalSection
	GlobalSection(SolutionProperties) = preSolution
		HideSolutionNode = FALSE
	EndGlobalSection
	GlobalSection(ExtensibilityGlobals) = postSolution
		SolutionGuid = {5E97AA99-CF12-4AD8-B6B6-D99ED7AF3439}
	EndGlobalSection
EndGlobal
