
Microsoft Visual Studio Solution File, Format Version 12.00
# Visual Studio Version 17
VisualStudioVersion = 17.11.35312.102
MinimumVisualStudioVersion = 10.0.40219.1
Project("{FAE04EC0-301F-11D3-BF4B-00C04F79EFBC}") = "D03kleinermetif", "D03kleinermetif\D03kleinermetif.csproj", "{3E06E764-3E5E-41F3-9BE8-89BBE64AE423}"
EndProject
Global
	GlobalSection(SolutionConfigurationPlatforms) = preSolution
		Debug|Any CPU = Debug|Any CPU
		Release|Any CPU = Release|Any CPU
	EndGlobalSection
	GlobalSection(ProjectConfigurationPlatforms) = postSolution
		{3E06E764-3E5E-41F3-9BE8-89BBE64AE423}.Debug|Any CPU.ActiveCfg = Debug|Any CPU
		{3E06E764-3E5E-41F3-9BE8-89BBE64AE423}.Debug|Any CPU.Build.0 = Debug|Any CPU
		{3E06E764-3E5E-41F3-9BE8-89BBE64AE423}.Release|Any CPU.ActiveCfg = Release|Any CPU
		{3E06E764-3E5E-41F3-9BE8-89BBE64AE423}.Release|Any CPU.Build.0 = Release|Any CPU
	EndGlobalSection
	GlobalSection(SolutionProperties) = preSolution
		HideSolutionNode = FALSE
	EndGlobalSection
	GlobalSection(ExtensibilityGlobals) = postSolution
		SolutionGuid = {C3CBEE16-8A7A-420B-AE03-7A2863862FC1}
	EndGlobalSection
EndGlobal
