
Microsoft Visual Studio Solution File, Format Version 12.00
# Visual Studio Version 17
VisualStudioVersion = 17.11.35312.102
MinimumVisualStudioVersion = 10.0.40219.1
Project("{FAE04EC0-301F-11D3-BF4B-00C04F79EFBC}") = "D15immutablecirkelProject", "D15immutablecirkelProject\D15immutablecirkelProject.csproj", "{E3F80E67-5A13-482B-8F67-7BA0517936AD}"
EndProject
Global
	GlobalSection(SolutionConfigurationPlatforms) = preSolution
		Debug|Any CPU = Debug|Any CPU
		Release|Any CPU = Release|Any CPU
	EndGlobalSection
	GlobalSection(ProjectConfigurationPlatforms) = postSolution
		{E3F80E67-5A13-482B-8F67-7BA0517936AD}.Debug|Any CPU.ActiveCfg = Debug|Any CPU
		{E3F80E67-5A13-482B-8F67-7BA0517936AD}.Debug|Any CPU.Build.0 = Debug|Any CPU
		{E3F80E67-5A13-482B-8F67-7BA0517936AD}.Release|Any CPU.ActiveCfg = Release|Any CPU
		{E3F80E67-5A13-482B-8F67-7BA0517936AD}.Release|Any CPU.Build.0 = Release|Any CPU
	EndGlobalSection
	GlobalSection(SolutionProperties) = preSolution
		HideSolutionNode = FALSE
	EndGlobalSection
	GlobalSection(ExtensibilityGlobals) = postSolution
		SolutionGuid = {B549FDFA-9706-4D3A-B4E1-025504FF83EF}
	EndGlobalSection
EndGlobal
