
Microsoft Visual Studio Solution File, Format Version 12.00
# Visual Studio Version 17
VisualStudioVersion = 17.11.35312.102
MinimumVisualStudioVersion = 10.0.40219.1
Project("{FAE04EC0-301F-11D3-BF4B-00C04F79EFBC}") = "D09speelkaarten", "D09speelkaarten\D09speelkaarten.csproj", "{DC1E6151-A198-4A64-A25E-B2E2FF059E97}"
EndProject
Global
	GlobalSection(SolutionConfigurationPlatforms) = preSolution
		Debug|Any CPU = Debug|Any CPU
		Release|Any CPU = Release|Any CPU
	EndGlobalSection
	GlobalSection(ProjectConfigurationPlatforms) = postSolution
		{DC1E6151-A198-4A64-A25E-B2E2FF059E97}.Debug|Any CPU.ActiveCfg = Debug|Any CPU
		{DC1E6151-A198-4A64-A25E-B2E2FF059E97}.Debug|Any CPU.Build.0 = Debug|Any CPU
		{DC1E6151-A198-4A64-A25E-B2E2FF059E97}.Release|Any CPU.ActiveCfg = Release|Any CPU
		{DC1E6151-A198-4A64-A25E-B2E2FF059E97}.Release|Any CPU.Build.0 = Release|Any CPU
	EndGlobalSection
	GlobalSection(SolutionProperties) = preSolution
		HideSolutionNode = FALSE
	EndGlobalSection
	GlobalSection(ExtensibilityGlobals) = postSolution
		SolutionGuid = {C6020A0B-9F66-4695-A671-7DFE47F2913C}
	EndGlobalSection
EndGlobal
