
Microsoft Visual Studio Solution File, Format Version 12.00
# Visual Studio Version 17
VisualStudioVersion = 17.11.35312.102
MinimumVisualStudioVersion = 10.0.40219.1
Project("{FAE04EC0-301F-11D3-BF4B-00C04F79EFBC}") = "D08omgekeerdevolgorde", "D08omgekeerdevolgorde\D08omgekeerdevolgorde.csproj", "{9E318F26-225E-4A30-9E57-AEA82AF4EC98}"
EndProject
Global
	GlobalSection(SolutionConfigurationPlatforms) = preSolution
		Debug|Any CPU = Debug|Any CPU
		Release|Any CPU = Release|Any CPU
	EndGlobalSection
	GlobalSection(ProjectConfigurationPlatforms) = postSolution
		{9E318F26-225E-4A30-9E57-AEA82AF4EC98}.Debug|Any CPU.ActiveCfg = Debug|Any CPU
		{9E318F26-225E-4A30-9E57-AEA82AF4EC98}.Debug|Any CPU.Build.0 = Debug|Any CPU
		{9E318F26-225E-4A30-9E57-AEA82AF4EC98}.Release|Any CPU.ActiveCfg = Release|Any CPU
		{9E318F26-225E-4A30-9E57-AEA82AF4EC98}.Release|Any CPU.Build.0 = Release|Any CPU
	EndGlobalSection
	GlobalSection(SolutionProperties) = preSolution
		HideSolutionNode = FALSE
	EndGlobalSection
	GlobalSection(ExtensibilityGlobals) = postSolution
		SolutionGuid = {54ADC9E9-D4A5-43F9-82F9-B418E20693C5}
	EndGlobalSection
EndGlobal
