
Microsoft Visual Studio Solution File, Format Version 12.00
# Visual Studio Version 17
VisualStudioVersion = 17.11.35312.102
MinimumVisualStudioVersion = 10.0.40219.1
Project("{FAE04EC0-301F-11D3-BF4B-00C04F79EFBC}") = "D08positieszoekenmooier", "D08positieszoekenmooier\D08positieszoekenmooier.csproj", "{64A3A66B-E0B2-4B40-85A8-62B4158FB38E}"
EndProject
Global
	GlobalSection(SolutionConfigurationPlatforms) = preSolution
		Debug|Any CPU = Debug|Any CPU
		Release|Any CPU = Release|Any CPU
	EndGlobalSection
	GlobalSection(ProjectConfigurationPlatforms) = postSolution
		{64A3A66B-E0B2-4B40-85A8-62B4158FB38E}.Debug|Any CPU.ActiveCfg = Debug|Any CPU
		{64A3A66B-E0B2-4B40-85A8-62B4158FB38E}.Debug|Any CPU.Build.0 = Debug|Any CPU
		{64A3A66B-E0B2-4B40-85A8-62B4158FB38E}.Release|Any CPU.ActiveCfg = Release|Any CPU
		{64A3A66B-E0B2-4B40-85A8-62B4158FB38E}.Release|Any CPU.Build.0 = Release|Any CPU
	EndGlobalSection
	GlobalSection(SolutionProperties) = preSolution
		HideSolutionNode = FALSE
	EndGlobalSection
	GlobalSection(ExtensibilityGlobals) = postSolution
		SolutionGuid = {5FE6FD13-42C5-4394-A08A-7674FE360866}
	EndGlobalSection
EndGlobal
