
Microsoft Visual Studio Solution File, Format Version 12.00
# Visual Studio Version 17
VisualStudioVersion = 17.11.35312.102
MinimumVisualStudioVersion = 10.0.40219.1
Project("{FAE04EC0-301F-11D3-BF4B-00C04F79EFBC}") = "D08_dagnummer", "D08_dagnummer\D08_dagnummer.csproj", "{ABA2A7BB-250E-43CB-B8A3-B6F0E5C5BCC4}"
EndProject
Global
	GlobalSection(SolutionConfigurationPlatforms) = preSolution
		Debug|Any CPU = Debug|Any CPU
		Release|Any CPU = Release|Any CPU
	EndGlobalSection
	GlobalSection(ProjectConfigurationPlatforms) = postSolution
		{ABA2A7BB-250E-43CB-B8A3-B6F0E5C5BCC4}.Debug|Any CPU.ActiveCfg = Debug|Any CPU
		{ABA2A7BB-250E-43CB-B8A3-B6F0E5C5BCC4}.Debug|Any CPU.Build.0 = Debug|Any CPU
		{ABA2A7BB-250E-43CB-B8A3-B6F0E5C5BCC4}.Release|Any CPU.ActiveCfg = Release|Any CPU
		{ABA2A7BB-250E-43CB-B8A3-B6F0E5C5BCC4}.Release|Any CPU.Build.0 = Release|Any CPU
	EndGlobalSection
	GlobalSection(SolutionProperties) = preSolution
		HideSolutionNode = FALSE
	EndGlobalSection
	GlobalSection(ExtensibilityGlobals) = postSolution
		SolutionGuid = {62982713-C7DD-4E50-ACCE-B52DB8B986E7}
	EndGlobalSection
EndGlobal
