
Microsoft Visual Studio Solution File, Format Version 12.00
# Visual Studio Version 17
VisualStudioVersion = 17.11.35312.102
MinimumVisualStudioVersion = 10.0.40219.1
Project("{FAE04EC0-301F-11D3-BF4B-00C04F79EFBC}") = "D02_volwassenSimple", "D02_volwassenSimple\D02_volwassenSimple.csproj", "{53ED95A6-891B-4709-AD53-62325BC2F08C}"
EndProject
Global
	GlobalSection(SolutionConfigurationPlatforms) = preSolution
		Debug|Any CPU = Debug|Any CPU
		Release|Any CPU = Release|Any CPU
	EndGlobalSection
	GlobalSection(ProjectConfigurationPlatforms) = postSolution
		{53ED95A6-891B-4709-AD53-62325BC2F08C}.Debug|Any CPU.ActiveCfg = Debug|Any CPU
		{53ED95A6-891B-4709-AD53-62325BC2F08C}.Debug|Any CPU.Build.0 = Debug|Any CPU
		{53ED95A6-891B-4709-AD53-62325BC2F08C}.Release|Any CPU.ActiveCfg = Release|Any CPU
		{53ED95A6-891B-4709-AD53-62325BC2F08C}.Release|Any CPU.Build.0 = Release|Any CPU
	EndGlobalSection
	GlobalSection(SolutionProperties) = preSolution
		HideSolutionNode = FALSE
	EndGlobalSection
	GlobalSection(ExtensibilityGlobals) = postSolution
		SolutionGuid = {619F814C-679F-4EC7-9213-DB12CD013395}
	EndGlobalSection
EndGlobal
