
Microsoft Visual Studio Solution File, Format Version 12.00
# Visual Studio Version 17
VisualStudioVersion = 17.11.35312.102
MinimumVisualStudioVersion = 10.0.40219.1
Project("{FAE04EC0-301F-11D3-BF4B-00C04F79EFBC}") = "D08_woordslang", "D08_woordslang\D08_woordslang.csproj", "{6C693B26-C675-49AA-AB36-3D5E87E706A5}"
EndProject
Global
	GlobalSection(SolutionConfigurationPlatforms) = preSolution
		Debug|Any CPU = Debug|Any CPU
		Release|Any CPU = Release|Any CPU
	EndGlobalSection
	GlobalSection(ProjectConfigurationPlatforms) = postSolution
		{6C693B26-C675-49AA-AB36-3D5E87E706A5}.Debug|Any CPU.ActiveCfg = Debug|Any CPU
		{6C693B26-C675-49AA-AB36-3D5E87E706A5}.Debug|Any CPU.Build.0 = Debug|Any CPU
		{6C693B26-C675-49AA-AB36-3D5E87E706A5}.Release|Any CPU.ActiveCfg = Release|Any CPU
		{6C693B26-C675-49AA-AB36-3D5E87E706A5}.Release|Any CPU.Build.0 = Release|Any CPU
	EndGlobalSection
	GlobalSection(SolutionProperties) = preSolution
		HideSolutionNode = FALSE
	EndGlobalSection
	GlobalSection(ExtensibilityGlobals) = postSolution
		SolutionGuid = {A9BEED90-ABF5-4025-AE32-D39395138EDD}
	EndGlobalSection
EndGlobal
