
Microsoft Visual Studio Solution File, Format Version 12.00
# Visual Studio Version 17
VisualStudioVersion = 17.11.35312.102
MinimumVisualStudioVersion = 10.0.40219.1
Project("{FAE04EC0-301F-11D3-BF4B-00C04F79EFBC}") = "D08fibonacci", "D08fibonacci\D08fibonacci.csproj", "{A43467BB-73E1-4F8E-A63C-5BC3596EE3DB}"
EndProject
Global
	GlobalSection(SolutionConfigurationPlatforms) = preSolution
		Debug|Any CPU = Debug|Any CPU
		Release|Any CPU = Release|Any CPU
	EndGlobalSection
	GlobalSection(ProjectConfigurationPlatforms) = postSolution
		{A43467BB-73E1-4F8E-A63C-5BC3596EE3DB}.Debug|Any CPU.ActiveCfg = Debug|Any CPU
		{A43467BB-73E1-4F8E-A63C-5BC3596EE3DB}.Debug|Any CPU.Build.0 = Debug|Any CPU
		{A43467BB-73E1-4F8E-A63C-5BC3596EE3DB}.Release|Any CPU.ActiveCfg = Release|Any CPU
		{A43467BB-73E1-4F8E-A63C-5BC3596EE3DB}.Release|Any CPU.Build.0 = Release|Any CPU
	EndGlobalSection
	GlobalSection(SolutionProperties) = preSolution
		HideSolutionNode = FALSE
	EndGlobalSection
	GlobalSection(ExtensibilityGlobals) = postSolution
		SolutionGuid = {8FA43C48-E22E-48DE-A131-C67299458842}
	EndGlobalSection
EndGlobal
