
Microsoft Visual Studio Solution File, Format Version 12.00
# Visual Studio Version 17
VisualStudioVersion = 17.11.35312.102
MinimumVisualStudioVersion = 10.0.40219.1
Project("{FAE04EC0-301F-11D3-BF4B-00C04F79EFBC}") = "D05_tekstherhalen", "D05_tekstherhalen\D05_tekstherhalen.csproj", "{877659DD-99DD-49A9-BD56-3691FAAAE3C7}"
EndProject
Global
	GlobalSection(SolutionConfigurationPlatforms) = preSolution
		Debug|Any CPU = Debug|Any CPU
		Release|Any CPU = Release|Any CPU
	EndGlobalSection
	GlobalSection(ProjectConfigurationPlatforms) = postSolution
		{877659DD-99DD-49A9-BD56-3691FAAAE3C7}.Debug|Any CPU.ActiveCfg = Debug|Any CPU
		{877659DD-99DD-49A9-BD56-3691FAAAE3C7}.Debug|Any CPU.Build.0 = Debug|Any CPU
		{877659DD-99DD-49A9-BD56-3691FAAAE3C7}.Release|Any CPU.ActiveCfg = Release|Any CPU
		{877659DD-99DD-49A9-BD56-3691FAAAE3C7}.Release|Any CPU.Build.0 = Release|Any CPU
	EndGlobalSection
	GlobalSection(SolutionProperties) = preSolution
		HideSolutionNode = FALSE
	EndGlobalSection
	GlobalSection(ExtensibilityGlobals) = postSolution
		SolutionGuid = {275D8EA5-EB24-476A-BD59-C040729B700C}
	EndGlobalSection
EndGlobal
