
Microsoft Visual Studio Solution File, Format Version 12.00
# Visual Studio Version 17
VisualStudioVersion = 17.11.35312.102
MinimumVisualStudioVersion = 10.0.40219.1
Project("{FAE04EC0-301F-11D3-BF4B-00C04F79EFBC}") = "D07_bevatleesteken", "D07_bevatleesteken\D07_bevatleesteken.csproj", "{C6D19A63-02A2-4F23-85E6-B6D1342BD2F5}"
EndProject
Global
	GlobalSection(SolutionConfigurationPlatforms) = preSolution
		Debug|Any CPU = Debug|Any CPU
		Release|Any CPU = Release|Any CPU
	EndGlobalSection
	GlobalSection(ProjectConfigurationPlatforms) = postSolution
		{C6D19A63-02A2-4F23-85E6-B6D1342BD2F5}.Debug|Any CPU.ActiveCfg = Debug|Any CPU
		{C6D19A63-02A2-4F23-85E6-B6D1342BD2F5}.Debug|Any CPU.Build.0 = Debug|Any CPU
		{C6D19A63-02A2-4F23-85E6-B6D1342BD2F5}.Release|Any CPU.ActiveCfg = Release|Any CPU
		{C6D19A63-02A2-4F23-85E6-B6D1342BD2F5}.Release|Any CPU.Build.0 = Release|Any CPU
	EndGlobalSection
	GlobalSection(SolutionProperties) = preSolution
		HideSolutionNode = FALSE
	EndGlobalSection
	GlobalSection(ExtensibilityGlobals) = postSolution
		SolutionGuid = {C707D667-D205-4911-B964-3549B3C84170}
	EndGlobalSection
EndGlobal
