
Microsoft Visual Studio Solution File, Format Version 12.00
# Visual Studio Version 17
VisualStudioVersion = 17.11.35312.102
MinimumVisualStudioVersion = 10.0.40219.1
Project("{FAE04EC0-301F-11D3-BF4B-00C04F79EFBC}") = "D05aantal", "D05aantal\D05aantal.csproj", "{E904E21F-E810-447B-BDBC-6B62027488E5}"
EndProject
Global
	GlobalSection(SolutionConfigurationPlatforms) = preSolution
		Debug|Any CPU = Debug|Any CPU
		Release|Any CPU = Release|Any CPU
	EndGlobalSection
	GlobalSection(ProjectConfigurationPlatforms) = postSolution
		{E904E21F-E810-447B-BDBC-6B62027488E5}.Debug|Any CPU.ActiveCfg = Debug|Any CPU
		{E904E21F-E810-447B-BDBC-6B62027488E5}.Debug|Any CPU.Build.0 = Debug|Any CPU
		{E904E21F-E810-447B-BDBC-6B62027488E5}.Release|Any CPU.ActiveCfg = Release|Any CPU
		{E904E21F-E810-447B-BDBC-6B62027488E5}.Release|Any CPU.Build.0 = Release|Any CPU
	EndGlobalSection
	GlobalSection(SolutionProperties) = preSolution
		HideSolutionNode = FALSE
	EndGlobalSection
	GlobalSection(ExtensibilityGlobals) = postSolution
		SolutionGuid = {BA692FC0-7D43-4932-B240-0EFEC8E26C0A}
	EndGlobalSection
EndGlobal
