
Microsoft Visual Studio Solution File, Format Version 12.00
# Visual Studio Version 16
VisualStudioVersion = 16.0.31624.102
MinimumVisualStudioVersion = 10.0.40219.1
Project("{FAE04EC0-301F-11D3-BF4B-00C04F79EFBC}") = "Domein", "Domein\Domein.csproj", "{5F436656-91BE-4074-89C9-DD3A2723DDC6}"
EndProject
Project("{FAE04EC0-301F-11D3-BF4B-00C04F79EFBC}") = "Cui", "Cui\Cui.csproj", "{79212402-EC64-4C70-A328-EF94F34EC482}"
EndProject
Global
	GlobalSection(SolutionConfigurationPlatforms) = preSolution
		Debug|Any CPU = Debug|Any CPU
		Release|Any CPU = Release|Any CPU
	EndGlobalSection
	GlobalSection(ProjectConfigurationPlatforms) = postSolution
		{5F436656-91BE-4074-89C9-DD3A2723DDC6}.Debug|Any CPU.ActiveCfg = Debug|Any CPU
		{5F436656-91BE-4074-89C9-DD3A2723DDC6}.Debug|Any CPU.Build.0 = Debug|Any CPU
		{5F436656-91BE-4074-89C9-DD3A2723DDC6}.Release|Any CPU.ActiveCfg = Release|Any CPU
		{5F436656-91BE-4074-89C9-DD3A2723DDC6}.Release|Any CPU.Build.0 = Release|Any CPU
		{79212402-EC64-4C70-A328-EF94F34EC482}.Debug|Any CPU.ActiveCfg = Debug|Any CPU
		{79212402-EC64-4C70-A328-EF94F34EC482}.Debug|Any CPU.Build.0 = Debug|Any CPU
		{79212402-EC64-4C70-A328-EF94F34EC482}.Release|Any CPU.ActiveCfg = Release|Any CPU
		{79212402-EC64-4C70-A328-EF94F34EC482}.Release|Any CPU.Build.0 = Release|Any CPU
	EndGlobalSection
	GlobalSection(SolutionProperties) = preSolution
		HideSolutionNode = FALSE
	EndGlobalSection
	GlobalSection(ExtensibilityGlobals) = postSolution
		SolutionGuid = {A54E9875-2C19-456D-B477-45BB2FAF843E}
	EndGlobalSection
EndGlobal
