
Microsoft Visual Studio Solution File, Format Version 12.00
# Visual Studio Version 17
VisualStudioVersion = 17.11.35312.102
MinimumVisualStudioVersion = 10.0.40219.1
Project("{FAE04EC0-301F-11D3-BF4B-00C04F79EFBC}") = "D12periodeoverlapt", "D12periodeoverlapt\D12periodeoverlapt.csproj", "{4251BAAB-DC14-4489-9EA1-A2D9112392B5}"
EndProject
Global
	GlobalSection(SolutionConfigurationPlatforms) = preSolution
		Debug|Any CPU = Debug|Any CPU
		Release|Any CPU = Release|Any CPU
	EndGlobalSection
	GlobalSection(ProjectConfigurationPlatforms) = postSolution
		{4251BAAB-DC14-4489-9EA1-A2D9112392B5}.Debug|Any CPU.ActiveCfg = Debug|Any CPU
		{4251BAAB-DC14-4489-9EA1-A2D9112392B5}.Debug|Any CPU.Build.0 = Debug|Any CPU
		{4251BAAB-DC14-4489-9EA1-A2D9112392B5}.Release|Any CPU.ActiveCfg = Release|Any CPU
		{4251BAAB-DC14-4489-9EA1-A2D9112392B5}.Release|Any CPU.Build.0 = Release|Any CPU
	EndGlobalSection
	GlobalSection(SolutionProperties) = preSolution
		HideSolutionNode = FALSE
	EndGlobalSection
	GlobalSection(ExtensibilityGlobals) = postSolution
		SolutionGuid = {48E20BED-91C8-4EE3-A4F6-EB9AF0487188}
	EndGlobalSection
EndGlobal
