
Microsoft Visual Studio Solution File, Format Version 12.00
# Visual Studio Version 17
VisualStudioVersion = 17.11.35312.102
MinimumVisualStudioVersion = 10.0.40219.1
Project("{FAE04EC0-301F-11D3-BF4B-00C04F79EFBC}") = "D11dierenwissenarray", "D11dierenwissenarray\D11dierenwissenarray.csproj", "{DCCEA020-3FC0-4DD2-BFA5-37F18B1E29E7}"
EndProject
Global
	GlobalSection(SolutionConfigurationPlatforms) = preSolution
		Debug|Any CPU = Debug|Any CPU
		Release|Any CPU = Release|Any CPU
	EndGlobalSection
	GlobalSection(ProjectConfigurationPlatforms) = postSolution
		{DCCEA020-3FC0-4DD2-BFA5-37F18B1E29E7}.Debug|Any CPU.ActiveCfg = Debug|Any CPU
		{DCCEA020-3FC0-4DD2-BFA5-37F18B1E29E7}.Debug|Any CPU.Build.0 = Debug|Any CPU
		{DCCEA020-3FC0-4DD2-BFA5-37F18B1E29E7}.Release|Any CPU.ActiveCfg = Release|Any CPU
		{DCCEA020-3FC0-4DD2-BFA5-37F18B1E29E7}.Release|Any CPU.Build.0 = Release|Any CPU
	EndGlobalSection
	GlobalSection(SolutionProperties) = preSolution
		HideSolutionNode = FALSE
	EndGlobalSection
	GlobalSection(ExtensibilityGlobals) = postSolution
		SolutionGuid = {469E78D7-6710-4FDE-B28F-DBE53FC17911}
	EndGlobalSection
EndGlobal
