
Microsoft Visual Studio Solution File, Format Version 12.00
# Visual Studio Version 17
VisualStudioVersion = 17.11.35312.102
MinimumVisualStudioVersion = 10.0.40219.1
Project("{FAE04EC0-301F-11D3-BF4B-00C04F79EFBC}") = "D08rijen", "D08rijen\D08rijen.csproj", "{B6756899-DBCF-4518-BF83-5CD020860339}"
EndProject
Global
	GlobalSection(SolutionConfigurationPlatforms) = preSolution
		Debug|Any CPU = Debug|Any CPU
		Release|Any CPU = Release|Any CPU
	EndGlobalSection
	GlobalSection(ProjectConfigurationPlatforms) = postSolution
		{B6756899-DBCF-4518-BF83-5CD020860339}.Debug|Any CPU.ActiveCfg = Debug|Any CPU
		{B6756899-DBCF-4518-BF83-5CD020860339}.Debug|Any CPU.Build.0 = Debug|Any CPU
		{B6756899-DBCF-4518-BF83-5CD020860339}.Release|Any CPU.ActiveCfg = Release|Any CPU
		{B6756899-DBCF-4518-BF83-5CD020860339}.Release|Any CPU.Build.0 = Release|Any CPU
	EndGlobalSection
	GlobalSection(SolutionProperties) = preSolution
		HideSolutionNode = FALSE
	EndGlobalSection
	GlobalSection(ExtensibilityGlobals) = postSolution
		SolutionGuid = {46129035-EC04-41D5-AB3A-766D210809DA}
	EndGlobalSection
EndGlobal
