
Microsoft Visual Studio Solution File, Format Version 12.00
# Visual Studio Version 17
VisualStudioVersion = 17.11.35312.102
MinimumVisualStudioVersion = 10.0.40219.1
Project("{FAE04EC0-301F-11D3-BF4B-00C04F79EFBC}") = "D10_toonsomtussen", "D10_toonsomtussen\D10_toonsomtussen.csproj", "{15EE4D33-A21F-48E8-8385-4DB5490E046A}"
EndProject
Global
	GlobalSection(SolutionConfigurationPlatforms) = preSolution
		Debug|Any CPU = Debug|Any CPU
		Release|Any CPU = Release|Any CPU
	EndGlobalSection
	GlobalSection(ProjectConfigurationPlatforms) = postSolution
		{15EE4D33-A21F-48E8-8385-4DB5490E046A}.Debug|Any CPU.ActiveCfg = Debug|Any CPU
		{15EE4D33-A21F-48E8-8385-4DB5490E046A}.Debug|Any CPU.Build.0 = Debug|Any CPU
		{15EE4D33-A21F-48E8-8385-4DB5490E046A}.Release|Any CPU.ActiveCfg = Release|Any CPU
		{15EE4D33-A21F-48E8-8385-4DB5490E046A}.Release|Any CPU.Build.0 = Release|Any CPU
	EndGlobalSection
	GlobalSection(SolutionProperties) = preSolution
		HideSolutionNode = FALSE
	EndGlobalSection
	GlobalSection(ExtensibilityGlobals) = postSolution
		SolutionGuid = {50A20162-9129-4F44-8705-76A12C5C4EF6}
	EndGlobalSection
EndGlobal
