
Microsoft Visual Studio Solution File, Format Version 12.00
# Visual Studio Version 17
VisualStudioVersion = 17.11.35312.102
MinimumVisualStudioVersion = 10.0.40219.1
Project("{FAE04EC0-301F-11D3-BF4B-00C04F79EFBC}") = "D04score", "D04score\D04score.csproj", "{A6D4C4C4-6640-4358-B97F-6DE554B60407}"
EndProject
Global
	GlobalSection(SolutionConfigurationPlatforms) = preSolution
		Debug|Any CPU = Debug|Any CPU
		Release|Any CPU = Release|Any CPU
	EndGlobalSection
	GlobalSection(ProjectConfigurationPlatforms) = postSolution
		{A6D4C4C4-6640-4358-B97F-6DE554B60407}.Debug|Any CPU.ActiveCfg = Debug|Any CPU
		{A6D4C4C4-6640-4358-B97F-6DE554B60407}.Debug|Any CPU.Build.0 = Debug|Any CPU
		{A6D4C4C4-6640-4358-B97F-6DE554B60407}.Release|Any CPU.ActiveCfg = Release|Any CPU
		{A6D4C4C4-6640-4358-B97F-6DE554B60407}.Release|Any CPU.Build.0 = Release|Any CPU
	EndGlobalSection
	GlobalSection(SolutionProperties) = preSolution
		HideSolutionNode = FALSE
	EndGlobalSection
	GlobalSection(ExtensibilityGlobals) = postSolution
		SolutionGuid = {56925AEF-A6A0-4663-BE92-24DF17297862}
	EndGlobalSection
EndGlobal
