
Microsoft Visual Studio Solution File, Format Version 12.00
# Visual Studio Version 17
VisualStudioVersion = 17.11.35312.102
MinimumVisualStudioVersion = 10.0.40219.1
Project("{FAE04EC0-301F-11D3-BF4B-00C04F79EFBC}") = "D03persecondewijzer", "D03persecondewijzer\D03persecondewijzer.csproj", "{2899A565-5628-4B78-B89D-B3B62996A49A}"
EndProject
Global
	GlobalSection(SolutionConfigurationPlatforms) = preSolution
		Debug|Any CPU = Debug|Any CPU
		Release|Any CPU = Release|Any CPU
	EndGlobalSection
	GlobalSection(ProjectConfigurationPlatforms) = postSolution
		{2899A565-5628-4B78-B89D-B3B62996A49A}.Debug|Any CPU.ActiveCfg = Debug|Any CPU
		{2899A565-5628-4B78-B89D-B3B62996A49A}.Debug|Any CPU.Build.0 = Debug|Any CPU
		{2899A565-5628-4B78-B89D-B3B62996A49A}.Release|Any CPU.ActiveCfg = Release|Any CPU
		{2899A565-5628-4B78-B89D-B3B62996A49A}.Release|Any CPU.Build.0 = Release|Any CPU
	EndGlobalSection
	GlobalSection(SolutionProperties) = preSolution
		HideSolutionNode = FALSE
	EndGlobalSection
	GlobalSection(ExtensibilityGlobals) = postSolution
		SolutionGuid = {F9A8BFBD-E50D-481E-BFB0-FE885369F05C}
	EndGlobalSection
EndGlobal
