
Microsoft Visual Studio Solution File, Format Version 12.00
# Visual Studio Version 17
VisualStudioVersion = 17.11.35312.102
MinimumVisualStudioVersion = 10.0.40219.1
Project("{FAE04EC0-301F-11D3-BF4B-00C04F79EFBC}") = "D02gemiddelde", "D02gemiddelde\D02gemiddelde.csproj", "{E910D682-FC43-46F2-B0F1-9557A3FEA09D}"
EndProject
Global
	GlobalSection(SolutionConfigurationPlatforms) = preSolution
		Debug|Any CPU = Debug|Any CPU
		Release|Any CPU = Release|Any CPU
	EndGlobalSection
	GlobalSection(ProjectConfigurationPlatforms) = postSolution
		{E910D682-FC43-46F2-B0F1-9557A3FEA09D}.Debug|Any CPU.ActiveCfg = Debug|Any CPU
		{E910D682-FC43-46F2-B0F1-9557A3FEA09D}.Debug|Any CPU.Build.0 = Debug|Any CPU
		{E910D682-FC43-46F2-B0F1-9557A3FEA09D}.Release|Any CPU.ActiveCfg = Release|Any CPU
		{E910D682-FC43-46F2-B0F1-9557A3FEA09D}.Release|Any CPU.Build.0 = Release|Any CPU
	EndGlobalSection
	GlobalSection(SolutionProperties) = preSolution
		HideSolutionNode = FALSE
	EndGlobalSection
	GlobalSection(ExtensibilityGlobals) = postSolution
		SolutionGuid = {BCAE1AEE-430B-43B3-A8B0-3034820FA09F}
	EndGlobalSection
EndGlobal
