
Microsoft Visual Studio Solution File, Format Version 12.00
# Visual Studio Version 17
VisualStudioVersion = 17.11.35312.102
MinimumVisualStudioVersion = 10.0.40219.1
Project("{FAE04EC0-301F-11D3-BF4B-00C04F79EFBC}") = "D11concataantalkeer", "D11concataantalkeer\D11concataantalkeer.csproj", "{58C2CB1D-D808-4A5C-9178-A5F3672C1B8D}"
EndProject
Global
	GlobalSection(SolutionConfigurationPlatforms) = preSolution
		Debug|Any CPU = Debug|Any CPU
		Release|Any CPU = Release|Any CPU
	EndGlobalSection
	GlobalSection(ProjectConfigurationPlatforms) = postSolution
		{58C2CB1D-D808-4A5C-9178-A5F3672C1B8D}.Debug|Any CPU.ActiveCfg = Debug|Any CPU
		{58C2CB1D-D808-4A5C-9178-A5F3672C1B8D}.Debug|Any CPU.Build.0 = Debug|Any CPU
		{58C2CB1D-D808-4A5C-9178-A5F3672C1B8D}.Release|Any CPU.ActiveCfg = Release|Any CPU
		{58C2CB1D-D808-4A5C-9178-A5F3672C1B8D}.Release|Any CPU.Build.0 = Release|Any CPU
	EndGlobalSection
	GlobalSection(SolutionProperties) = preSolution
		HideSolutionNode = FALSE
	EndGlobalSection
	GlobalSection(ExtensibilityGlobals) = postSolution
		SolutionGuid = {5C5673D4-D869-4581-BFA9-802D36886FBF}
	EndGlobalSection
EndGlobal
