
Microsoft Visual Studio Solution File, Format Version 12.00
# Visual Studio Version 17
VisualStudioVersion = 17.11.35312.102
MinimumVisualStudioVersion = 10.0.40219.1
Project("{FAE04EC0-301F-11D3-BF4B-00C04F79EFBC}") = "D05_playlist", "D05_playlist\D05_playlist.csproj", "{1D85CBAB-DA38-4126-9798-A2581B7FEFD4}"
EndProject
Global
	GlobalSection(SolutionConfigurationPlatforms) = preSolution
		Debug|Any CPU = Debug|Any CPU
		Release|Any CPU = Release|Any CPU
	EndGlobalSection
	GlobalSection(ProjectConfigurationPlatforms) = postSolution
		{1D85CBAB-DA38-4126-9798-A2581B7FEFD4}.Debug|Any CPU.ActiveCfg = Debug|Any CPU
		{1D85CBAB-DA38-4126-9798-A2581B7FEFD4}.Debug|Any CPU.Build.0 = Debug|Any CPU
		{1D85CBAB-DA38-4126-9798-A2581B7FEFD4}.Release|Any CPU.ActiveCfg = Release|Any CPU
		{1D85CBAB-DA38-4126-9798-A2581B7FEFD4}.Release|Any CPU.Build.0 = Release|Any CPU
	EndGlobalSection
	GlobalSection(SolutionProperties) = preSolution
		HideSolutionNode = FALSE
	EndGlobalSection
	GlobalSection(ExtensibilityGlobals) = postSolution
		SolutionGuid = {C3462DC7-20F2-4DA1-AF0F-D30A1CF3E57A}
	EndGlobalSection
EndGlobal
