
Microsoft Visual Studio Solution File, Format Version 12.00
# Visual Studio Version 17
VisualStudioVersion = 17.11.35312.102
MinimumVisualStudioVersion = 10.0.40219.1
Project("{FAE04EC0-301F-11D3-BF4B-00C04F79EFBC}") = "D11slice", "D11slice\D11slice.csproj", "{C644019F-B09E-4CF1-9785-F2D3D6461213}"
EndProject
Global
	GlobalSection(SolutionConfigurationPlatforms) = preSolution
		Debug|Any CPU = Debug|Any CPU
		Release|Any CPU = Release|Any CPU
	EndGlobalSection
	GlobalSection(ProjectConfigurationPlatforms) = postSolution
		{C644019F-B09E-4CF1-9785-F2D3D6461213}.Debug|Any CPU.ActiveCfg = Debug|Any CPU
		{C644019F-B09E-4CF1-9785-F2D3D6461213}.Debug|Any CPU.Build.0 = Debug|Any CPU
		{C644019F-B09E-4CF1-9785-F2D3D6461213}.Release|Any CPU.ActiveCfg = Release|Any CPU
		{C644019F-B09E-4CF1-9785-F2D3D6461213}.Release|Any CPU.Build.0 = Release|Any CPU
	EndGlobalSection
	GlobalSection(SolutionProperties) = preSolution
		HideSolutionNode = FALSE
	EndGlobalSection
	GlobalSection(ExtensibilityGlobals) = postSolution
		SolutionGuid = {B9D9CA7D-F9D2-4DD0-82D7-5C3D05CAE2F2}
	EndGlobalSection
EndGlobal
