
Microsoft Visual Studio Solution File, Format Version 12.00
# Visual Studio Version 17
VisualStudioVersion = 17.11.35312.102
MinimumVisualStudioVersion = 10.0.40219.1
Project("{FAE04EC0-301F-11D3-BF4B-00C04F79EFBC}") = "D01_euronaarpound", "D01_euronaarpound\D01_euronaarpound.csproj", "{F8E99DB6-D7A5-4962-B7E2-BD6F8D7B61F2}"
EndProject
Global
	GlobalSection(SolutionConfigurationPlatforms) = preSolution
		Debug|Any CPU = Debug|Any CPU
		Release|Any CPU = Release|Any CPU
	EndGlobalSection
	GlobalSection(ProjectConfigurationPlatforms) = postSolution
		{F8E99DB6-D7A5-4962-B7E2-BD6F8D7B61F2}.Debug|Any CPU.ActiveCfg = Debug|Any CPU
		{F8E99DB6-D7A5-4962-B7E2-BD6F8D7B61F2}.Debug|Any CPU.Build.0 = Debug|Any CPU
		{F8E99DB6-D7A5-4962-B7E2-BD6F8D7B61F2}.Release|Any CPU.ActiveCfg = Release|Any CPU
		{F8E99DB6-D7A5-4962-B7E2-BD6F8D7B61F2}.Release|Any CPU.Build.0 = Release|Any CPU
	EndGlobalSection
	GlobalSection(SolutionProperties) = preSolution
		HideSolutionNode = FALSE
	EndGlobalSection
	GlobalSection(ExtensibilityGlobals) = postSolution
		SolutionGuid = {0BC9D7AA-F477-425A-B3E2-7FBF9B9BAE3F}
	EndGlobalSection
EndGlobal
