
Microsoft Visual Studio Solution File, Format Version 12.00
# Visual Studio Version 17
VisualStudioVersion = 17.11.35312.102
MinimumVisualStudioVersion = 10.0.40219.1
Project("{FAE04EC0-301F-11D3-BF4B-00C04F79EFBC}") = "D05twintigtotenmettien", "D05twintigtotenmettien\D05twintigtotenmettien.csproj", "{4F2A8E59-AE07-47B2-B375-BAC091EFA265}"
EndProject
Global
	GlobalSection(SolutionConfigurationPlatforms) = preSolution
		Debug|Any CPU = Debug|Any CPU
		Release|Any CPU = Release|Any CPU
	EndGlobalSection
	GlobalSection(ProjectConfigurationPlatforms) = postSolution
		{4F2A8E59-AE07-47B2-B375-BAC091EFA265}.Debug|Any CPU.ActiveCfg = Debug|Any CPU
		{4F2A8E59-AE07-47B2-B375-BAC091EFA265}.Debug|Any CPU.Build.0 = Debug|Any CPU
		{4F2A8E59-AE07-47B2-B375-BAC091EFA265}.Release|Any CPU.ActiveCfg = Release|Any CPU
		{4F2A8E59-AE07-47B2-B375-BAC091EFA265}.Release|Any CPU.Build.0 = Release|Any CPU
	EndGlobalSection
	GlobalSection(SolutionProperties) = preSolution
		HideSolutionNode = FALSE
	EndGlobalSection
	GlobalSection(ExtensibilityGlobals) = postSolution
		SolutionGuid = {CA804E22-3041-4C82-92B2-539BB4701268}
	EndGlobalSection
EndGlobal
