
Microsoft Visual Studio Solution File, Format Version 12.00
# Visual Studio Version 17
VisualStudioVersion = 17.11.35312.102
MinimumVisualStudioVersion = 10.0.40219.1
Project("{FAE04EC0-301F-11D3-BF4B-00C04F79EFBC}") = "D08_dagentotaal", "D08_dagentotaal\D08_dagentotaal.csproj", "{B9573697-A5CD-40BF-9686-900CC4256E10}"
EndProject
Global
	GlobalSection(SolutionConfigurationPlatforms) = preSolution
		Debug|Any CPU = Debug|Any CPU
		Release|Any CPU = Release|Any CPU
	EndGlobalSection
	GlobalSection(ProjectConfigurationPlatforms) = postSolution
		{B9573697-A5CD-40BF-9686-900CC4256E10}.Debug|Any CPU.ActiveCfg = Debug|Any CPU
		{B9573697-A5CD-40BF-9686-900CC4256E10}.Debug|Any CPU.Build.0 = Debug|Any CPU
		{B9573697-A5CD-40BF-9686-900CC4256E10}.Release|Any CPU.ActiveCfg = Release|Any CPU
		{B9573697-A5CD-40BF-9686-900CC4256E10}.Release|Any CPU.Build.0 = Release|Any CPU
	EndGlobalSection
	GlobalSection(SolutionProperties) = preSolution
		HideSolutionNode = FALSE
	EndGlobalSection
	GlobalSection(ExtensibilityGlobals) = postSolution
		SolutionGuid = {8D686D0C-19B0-4591-BEF0-BBA4F15EC1D9}
	EndGlobalSection
EndGlobal
