
Microsoft Visual Studio Solution File, Format Version 12.00
# Visual Studio Version 17
VisualStudioVersion = 17.11.35312.102
MinimumVisualStudioVersion = 10.0.40219.1
Project("{FAE04EC0-301F-11D3-BF4B-00C04F79EFBC}") = "D09_herkansing", "D09_herkansing\D09_herkansing.csproj", "{46FF6A2B-4A8C-4C43-BCCD-1CE2DC7C2022}"
EndProject
Global
	GlobalSection(SolutionConfigurationPlatforms) = preSolution
		Debug|Any CPU = Debug|Any CPU
		Release|Any CPU = Release|Any CPU
	EndGlobalSection
	GlobalSection(ProjectConfigurationPlatforms) = postSolution
		{46FF6A2B-4A8C-4C43-BCCD-1CE2DC7C2022}.Debug|Any CPU.ActiveCfg = Debug|Any CPU
		{46FF6A2B-4A8C-4C43-BCCD-1CE2DC7C2022}.Debug|Any CPU.Build.0 = Debug|Any CPU
		{46FF6A2B-4A8C-4C43-BCCD-1CE2DC7C2022}.Release|Any CPU.ActiveCfg = Release|Any CPU
		{46FF6A2B-4A8C-4C43-BCCD-1CE2DC7C2022}.Release|Any CPU.Build.0 = Release|Any CPU
	EndGlobalSection
	GlobalSection(SolutionProperties) = preSolution
		HideSolutionNode = FALSE
	EndGlobalSection
	GlobalSection(ExtensibilityGlobals) = postSolution
		SolutionGuid = {651996F4-53CD-45A2-9453-5F784F4E85ED}
	EndGlobalSection
EndGlobal
