
Microsoft Visual Studio Solution File, Format Version 12.00
# Visual Studio Version 17
VisualStudioVersion = 17.11.35312.102
MinimumVisualStudioVersion = 10.0.40219.1
Project("{FAE04EC0-301F-11D3-BF4B-00C04F79EFBC}") = "D01_centimetersnaarmeters", "D01_centimetersnaarmeters\D01_centimetersnaarmeters.csproj", "{7A44CBA4-0917-433B-AA08-939565528C74}"
EndProject
Global
	GlobalSection(SolutionConfigurationPlatforms) = preSolution
		Debug|Any CPU = Debug|Any CPU
		Release|Any CPU = Release|Any CPU
	EndGlobalSection
	GlobalSection(ProjectConfigurationPlatforms) = postSolution
		{7A44CBA4-0917-433B-AA08-939565528C74}.Debug|Any CPU.ActiveCfg = Debug|Any CPU
		{7A44CBA4-0917-433B-AA08-939565528C74}.Debug|Any CPU.Build.0 = Debug|Any CPU
		{7A44CBA4-0917-433B-AA08-939565528C74}.Release|Any CPU.ActiveCfg = Release|Any CPU
		{7A44CBA4-0917-433B-AA08-939565528C74}.Release|Any CPU.Build.0 = Release|Any CPU
	EndGlobalSection
	GlobalSection(SolutionProperties) = preSolution
		HideSolutionNode = FALSE
	EndGlobalSection
	GlobalSection(ExtensibilityGlobals) = postSolution
		SolutionGuid = {D44D8566-FDF9-4730-8CE2-164E7DFE0A65}
	EndGlobalSection
EndGlobal
