
Microsoft Visual Studio Solution File, Format Version 12.00
# Visual Studio Version 17
VisualStudioVersion = 17.11.35312.102
MinimumVisualStudioVersion = 10.0.40219.1
Project("{FAE04EC0-301F-11D3-BF4B-00C04F79EFBC}") = "D09_zoekdier", "D09_zoekdier\D09_zoekdier.csproj", "{377F5117-C55B-466D-9987-373437452CD4}"
EndProject
Global
	GlobalSection(SolutionConfigurationPlatforms) = preSolution
		Debug|Any CPU = Debug|Any CPU
		Release|Any CPU = Release|Any CPU
	EndGlobalSection
	GlobalSection(ProjectConfigurationPlatforms) = postSolution
		{377F5117-C55B-466D-9987-373437452CD4}.Debug|Any CPU.ActiveCfg = Debug|Any CPU
		{377F5117-C55B-466D-9987-373437452CD4}.Debug|Any CPU.Build.0 = Debug|Any CPU
		{377F5117-C55B-466D-9987-373437452CD4}.Release|Any CPU.ActiveCfg = Release|Any CPU
		{377F5117-C55B-466D-9987-373437452CD4}.Release|Any CPU.Build.0 = Release|Any CPU
	EndGlobalSection
	GlobalSection(SolutionProperties) = preSolution
		HideSolutionNode = FALSE
	EndGlobalSection
	GlobalSection(ExtensibilityGlobals) = postSolution
		SolutionGuid = {F28A30E8-FBB2-48C9-A569-3283840C2606}
	EndGlobalSection
EndGlobal
