
Microsoft Visual Studio Solution File, Format Version 12.00
# Visual Studio Version 17
VisualStudioVersion = 17.11.35312.102
MinimumVisualStudioVersion = 10.0.40219.1
Project("{FAE04EC0-301F-11D3-BF4B-00C04F79EFBC}") = "D12tonenmetformaatstring", "D12tonenmetformaatstring\D12tonenmetformaatstring.csproj", "{C3DFA1F8-A94F-4749-8DC4-3EFD361433F7}"
EndProject
Global
	GlobalSection(SolutionConfigurationPlatforms) = preSolution
		Debug|Any CPU = Debug|Any CPU
		Release|Any CPU = Release|Any CPU
	EndGlobalSection
	GlobalSection(ProjectConfigurationPlatforms) = postSolution
		{C3DFA1F8-A94F-4749-8DC4-3EFD361433F7}.Debug|Any CPU.ActiveCfg = Debug|Any CPU
		{C3DFA1F8-A94F-4749-8DC4-3EFD361433F7}.Debug|Any CPU.Build.0 = Debug|Any CPU
		{C3DFA1F8-A94F-4749-8DC4-3EFD361433F7}.Release|Any CPU.ActiveCfg = Release|Any CPU
		{C3DFA1F8-A94F-4749-8DC4-3EFD361433F7}.Release|Any CPU.Build.0 = Release|Any CPU
	EndGlobalSection
	GlobalSection(SolutionProperties) = preSolution
		HideSolutionNode = FALSE
	EndGlobalSection
	GlobalSection(ExtensibilityGlobals) = postSolution
		SolutionGuid = {AA741F36-9867-43E7-B136-4EFF93341701}
	EndGlobalSection
EndGlobal
