
Microsoft Visual Studio Solution File, Format Version 12.00
# Visual Studio Version 17
VisualStudioVersion = 17.11.35312.102
MinimumVisualStudioVersion = 10.0.40219.1
Project("{FAE04EC0-301F-11D3-BF4B-00C04F79EFBC}") = "D12getresultaat", "D12getresultaat\D12getresultaat.csproj", "{ACF33FA0-0B64-4F29-B654-7E469361BFD0}"
EndProject
Global
	GlobalSection(SolutionConfigurationPlatforms) = preSolution
		Debug|Any CPU = Debug|Any CPU
		Release|Any CPU = Release|Any CPU
	EndGlobalSection
	GlobalSection(ProjectConfigurationPlatforms) = postSolution
		{ACF33FA0-0B64-4F29-B654-7E469361BFD0}.Debug|Any CPU.ActiveCfg = Debug|Any CPU
		{ACF33FA0-0B64-4F29-B654-7E469361BFD0}.Debug|Any CPU.Build.0 = Debug|Any CPU
		{ACF33FA0-0B64-4F29-B654-7E469361BFD0}.Release|Any CPU.ActiveCfg = Release|Any CPU
		{ACF33FA0-0B64-4F29-B654-7E469361BFD0}.Release|Any CPU.Build.0 = Release|Any CPU
	EndGlobalSection
	GlobalSection(SolutionProperties) = preSolution
		HideSolutionNode = FALSE
	EndGlobalSection
	GlobalSection(ExtensibilityGlobals) = postSolution
		SolutionGuid = {E3B0B836-FCD6-4BD1-9DA5-6FFB579D03C0}
	EndGlobalSection
EndGlobal
