
Microsoft Visual Studio Solution File, Format Version 12.00
# Visual Studio Version 17
VisualStudioVersion = 17.11.35312.102
MinimumVisualStudioVersion = 10.0.40219.1
Project("{FAE04EC0-301F-11D3-BF4B-00C04F79EFBC}") = "D04oefeningprijsappels", "D04oefeningprijsappels\D04oefeningprijsappels.csproj", "{B7DE76F9-CAB5-419B-B97F-481B22BD7BBC}"
EndProject
Global
	GlobalSection(SolutionConfigurationPlatforms) = preSolution
		Debug|Any CPU = Debug|Any CPU
		Release|Any CPU = Release|Any CPU
	EndGlobalSection
	GlobalSection(ProjectConfigurationPlatforms) = postSolution
		{B7DE76F9-CAB5-419B-B97F-481B22BD7BBC}.Debug|Any CPU.ActiveCfg = Debug|Any CPU
		{B7DE76F9-CAB5-419B-B97F-481B22BD7BBC}.Debug|Any CPU.Build.0 = Debug|Any CPU
		{B7DE76F9-CAB5-419B-B97F-481B22BD7BBC}.Release|Any CPU.ActiveCfg = Release|Any CPU
		{B7DE76F9-CAB5-419B-B97F-481B22BD7BBC}.Release|Any CPU.Build.0 = Release|Any CPU
	EndGlobalSection
	GlobalSection(SolutionProperties) = preSolution
		HideSolutionNode = FALSE
	EndGlobalSection
	GlobalSection(ExtensibilityGlobals) = postSolution
		SolutionGuid = {A8727CA7-990E-4545-B46E-201EA819BCAA}
	EndGlobalSection
EndGlobal
