
Microsoft Visual Studio Solution File, Format Version 12.00
# Visual Studio Version 17
VisualStudioVersion = 17.11.35312.102
MinimumVisualStudioVersion = 10.0.40219.1
Project("{FAE04EC0-301F-11D3-BF4B-00C04F79EFBC}") = "D05_aantal", "D05_aantal\D05_aantal.csproj", "{A8A7E0CD-35BA-493A-A24F-B1F4B730BC10}"
EndProject
Global
	GlobalSection(SolutionConfigurationPlatforms) = preSolution
		Debug|Any CPU = Debug|Any CPU
		Release|Any CPU = Release|Any CPU
	EndGlobalSection
	GlobalSection(ProjectConfigurationPlatforms) = postSolution
		{A8A7E0CD-35BA-493A-A24F-B1F4B730BC10}.Debug|Any CPU.ActiveCfg = Debug|Any CPU
		{A8A7E0CD-35BA-493A-A24F-B1F4B730BC10}.Debug|Any CPU.Build.0 = Debug|Any CPU
		{A8A7E0CD-35BA-493A-A24F-B1F4B730BC10}.Release|Any CPU.ActiveCfg = Release|Any CPU
		{A8A7E0CD-35BA-493A-A24F-B1F4B730BC10}.Release|Any CPU.Build.0 = Release|Any CPU
	EndGlobalSection
	GlobalSection(SolutionProperties) = preSolution
		HideSolutionNode = FALSE
	EndGlobalSection
	GlobalSection(ExtensibilityGlobals) = postSolution
		SolutionGuid = {48704D18-FE56-45F2-8B57-2F5D7CB8ECA9}
	EndGlobalSection
EndGlobal
