
Microsoft Visual Studio Solution File, Format Version 12.00
# Visual Studio Version 17
VisualStudioVersion = 17.11.35312.102
MinimumVisualStudioVersion = 10.0.40219.1
Project("{FAE04EC0-301F-11D3-BF4B-00C04F79EFBC}") = "D05hiephieperhiepst", "D05hiephieperhiepst\D05hiephieperhiepst.csproj", "{04C85559-69F1-4B08-BA3A-08F6588266A7}"
EndProject
Global
	GlobalSection(SolutionConfigurationPlatforms) = preSolution
		Debug|Any CPU = Debug|Any CPU
		Release|Any CPU = Release|Any CPU
	EndGlobalSection
	GlobalSection(ProjectConfigurationPlatforms) = postSolution
		{04C85559-69F1-4B08-BA3A-08F6588266A7}.Debug|Any CPU.ActiveCfg = Debug|Any CPU
		{04C85559-69F1-4B08-BA3A-08F6588266A7}.Debug|Any CPU.Build.0 = Debug|Any CPU
		{04C85559-69F1-4B08-BA3A-08F6588266A7}.Release|Any CPU.ActiveCfg = Release|Any CPU
		{04C85559-69F1-4B08-BA3A-08F6588266A7}.Release|Any CPU.Build.0 = Release|Any CPU
	EndGlobalSection
	GlobalSection(SolutionProperties) = preSolution
		HideSolutionNode = FALSE
	EndGlobalSection
	GlobalSection(ExtensibilityGlobals) = postSolution
		SolutionGuid = {F39F468F-F664-4CB8-9ABC-C3D7717038FA}
	EndGlobalSection
EndGlobal
