
Microsoft Visual Studio Solution File, Format Version 12.00
# Visual Studio Version 17
VisualStudioVersion = 17.11.35312.102
MinimumVisualStudioVersion = 10.0.40219.1
Project("{FAE04EC0-301F-11D3-BF4B-00C04F79EFBC}") = "D12feestdagen", "D12feestdagen\D12feestdagen.csproj", "{8A65E6FD-A3D7-4016-838D-7E4EA67ABAAD}"
EndProject
Global
	GlobalSection(SolutionConfigurationPlatforms) = preSolution
		Debug|Any CPU = Debug|Any CPU
		Release|Any CPU = Release|Any CPU
	EndGlobalSection
	GlobalSection(ProjectConfigurationPlatforms) = postSolution
		{8A65E6FD-A3D7-4016-838D-7E4EA67ABAAD}.Debug|Any CPU.ActiveCfg = Debug|Any CPU
		{8A65E6FD-A3D7-4016-838D-7E4EA67ABAAD}.Debug|Any CPU.Build.0 = Debug|Any CPU
		{8A65E6FD-A3D7-4016-838D-7E4EA67ABAAD}.Release|Any CPU.ActiveCfg = Release|Any CPU
		{8A65E6FD-A3D7-4016-838D-7E4EA67ABAAD}.Release|Any CPU.Build.0 = Release|Any CPU
	EndGlobalSection
	GlobalSection(SolutionProperties) = preSolution
		HideSolutionNode = FALSE
	EndGlobalSection
	GlobalSection(ExtensibilityGlobals) = postSolution
		SolutionGuid = {0799DD80-F093-4DF3-AAED-071266362389}
	EndGlobalSection
EndGlobal
