
Microsoft Visual Studio Solution File, Format Version 12.00
# Visual Studio Version 17
VisualStudioVersion = 17.11.35312.102
MinimumVisualStudioVersion = 10.0.40219.1
Project("{FAE04EC0-301F-11D3-BF4B-00C04F79EFBC}") = "D09langstewoord", "D09langstewoord\D09langstewoord.csproj", "{80029911-44C6-4C70-97A4-A1E6E0AB125A}"
EndProject
Global
	GlobalSection(SolutionConfigurationPlatforms) = preSolution
		Debug|Any CPU = Debug|Any CPU
		Release|Any CPU = Release|Any CPU
	EndGlobalSection
	GlobalSection(ProjectConfigurationPlatforms) = postSolution
		{80029911-44C6-4C70-97A4-A1E6E0AB125A}.Debug|Any CPU.ActiveCfg = Debug|Any CPU
		{80029911-44C6-4C70-97A4-A1E6E0AB125A}.Debug|Any CPU.Build.0 = Debug|Any CPU
		{80029911-44C6-4C70-97A4-A1E6E0AB125A}.Release|Any CPU.ActiveCfg = Release|Any CPU
		{80029911-44C6-4C70-97A4-A1E6E0AB125A}.Release|Any CPU.Build.0 = Release|Any CPU
	EndGlobalSection
	GlobalSection(SolutionProperties) = preSolution
		HideSolutionNode = FALSE
	EndGlobalSection
	GlobalSection(ExtensibilityGlobals) = postSolution
		SolutionGuid = {E860FACC-A859-4C33-977E-7C63C2D345BE}
	EndGlobalSection
EndGlobal
