
Microsoft Visual Studio Solution File, Format Version 12.00
# Visual Studio Version 17
VisualStudioVersion = 17.11.35312.102
MinimumVisualStudioVersion = 10.0.40219.1
Project("{FAE04EC0-301F-11D3-BF4B-00C04F79EFBC}") = "D09_censuuruitbreiding", "D09_censuuruitbreiding\D09_censuuruitbreiding.csproj", "{3B72B40A-DC63-4023-A503-3C1725E47CC8}"
EndProject
Global
	GlobalSection(SolutionConfigurationPlatforms) = preSolution
		Debug|Any CPU = Debug|Any CPU
		Release|Any CPU = Release|Any CPU
	EndGlobalSection
	GlobalSection(ProjectConfigurationPlatforms) = postSolution
		{3B72B40A-DC63-4023-A503-3C1725E47CC8}.Debug|Any CPU.ActiveCfg = Debug|Any CPU
		{3B72B40A-DC63-4023-A503-3C1725E47CC8}.Debug|Any CPU.Build.0 = Debug|Any CPU
		{3B72B40A-DC63-4023-A503-3C1725E47CC8}.Release|Any CPU.ActiveCfg = Release|Any CPU
		{3B72B40A-DC63-4023-A503-3C1725E47CC8}.Release|Any CPU.Build.0 = Release|Any CPU
	EndGlobalSection
	GlobalSection(SolutionProperties) = preSolution
		HideSolutionNode = FALSE
	EndGlobalSection
	GlobalSection(ExtensibilityGlobals) = postSolution
		SolutionGuid = {CC85C68A-B3FA-4A27-A7C3-8EE16EB719E9}
	EndGlobalSection
EndGlobal
