
Microsoft Visual Studio Solution File, Format Version 12.00
# Visual Studio Version 17
VisualStudioVersion = 17.11.35312.102
MinimumVisualStudioVersion = 10.0.40219.1
Project("{FAE04EC0-301F-11D3-BF4B-00C04F79EFBC}") = "D05wildebertram", "D05wildebertram\D05wildebertram.csproj", "{BF702BA6-38E7-473F-A65D-9CB242550E3B}"
EndProject
Global
	GlobalSection(SolutionConfigurationPlatforms) = preSolution
		Debug|Any CPU = Debug|Any CPU
		Release|Any CPU = Release|Any CPU
	EndGlobalSection
	GlobalSection(ProjectConfigurationPlatforms) = postSolution
		{BF702BA6-38E7-473F-A65D-9CB242550E3B}.Debug|Any CPU.ActiveCfg = Debug|Any CPU
		{BF702BA6-38E7-473F-A65D-9CB242550E3B}.Debug|Any CPU.Build.0 = Debug|Any CPU
		{BF702BA6-38E7-473F-A65D-9CB242550E3B}.Release|Any CPU.ActiveCfg = Release|Any CPU
		{BF702BA6-38E7-473F-A65D-9CB242550E3B}.Release|Any CPU.Build.0 = Release|Any CPU
	EndGlobalSection
	GlobalSection(SolutionProperties) = preSolution
		HideSolutionNode = FALSE
	EndGlobalSection
	GlobalSection(ExtensibilityGlobals) = postSolution
		SolutionGuid = {4A52B659-97BB-41E6-9E59-F52F53D5E990}
	EndGlobalSection
EndGlobal
