
Microsoft Visual Studio Solution File, Format Version 12.00
# Visual Studio Version 17
VisualStudioVersion = 17.12.35728.132
MinimumVisualStudioVersion = 10.0.40219.1
Project("{FAE04EC0-301F-11D3-BF4B-00C04F79EFBC}") = "AutoVerhuurProject.Domein", "AutoVerhuurProject.Domein\AutoVerhuurProject.Domein.csproj", "{D1FFACD2-8013-46E3-91EE-F0474235ED4C}"
EndProject
Project("{FAE04EC0-301F-11D3-BF4B-00C04F79EFBC}") = "AutoVerhuurProject.Domein.Tests", "AutoVerhuurProject.Domein.Tests\AutoVerhuurProject.Domein.Tests.csproj", "{5B3D3B46-A6E9-472F-AF75-D2207F3BCE10}"
EndProject
Project("{FAE04EC0-301F-11D3-BF4B-00C04F79EFBC}") = "AutoVerhuurProject.Persistentielaag.Database", "AutoVerhuurProject.Persistentielaag.Database\AutoVerhuurProject.Persistentielaag.Database.csproj", "{AE132893-7F21-4F0F-BE99-FED03D0E5D89}"
EndProject
Project("{FAE04EC0-301F-11D3-BF4B-00C04F79EFBC}") = "AutoVerhuurProject.Presentatielaag.Gui", "AutoVerhuurProject.Presentatielaag.Gui\AutoVerhuurProject.Presentatielaag.Gui.csproj", "{CDFFAFB2-4D70-4EAB-ADF9-DB73BA805635}"
EndProject
Global
	GlobalSection(SolutionConfigurationPlatforms) = preSolution
		Debug|Any CPU = Debug|Any CPU
		Release|Any CPU = Release|Any CPU
	EndGlobalSection
	GlobalSection(ProjectConfigurationPlatforms) = postSolution
		{D1FFACD2-8013-46E3-91EE-F0474235ED4C}.Debug|Any CPU.ActiveCfg = Debug|Any CPU
		{D1FFACD2-8013-46E3-91EE-F0474235ED4C}.Debug|Any CPU.Build.0 = Debug|Any CPU
		{D1FFACD2-8013-46E3-91EE-F0474235ED4C}.Release|Any CPU.ActiveCfg = Release|Any CPU
		{D1FFACD2-8013-46E3-91EE-F0474235ED4C}.Release|Any CPU.Build.0 = Release|Any CPU
		{5B3D3B46-A6E9-472F-AF75-D2207F3BCE10}.Debug|Any CPU.ActiveCfg = Debug|Any CPU
		{5B3D3B46-A6E9-472F-AF75-D2207F3BCE10}.Debug|Any CPU.Build.0 = Debug|Any CPU
		{5B3D3B46-A6E9-472F-AF75-D2207F3BCE10}.Release|Any CPU.ActiveCfg = Release|Any CPU
		{5B3D3B46-A6E9-472F-AF75-D2207F3BCE10}.Release|Any CPU.Build.0 = Release|Any CPU
		{AE132893-7F21-4F0F-BE99-FED03D0E5D89}.Debug|Any CPU.ActiveCfg = Debug|Any CPU
		{AE132893-7F21-4F0F-BE99-FED03D0E5D89}.Debug|Any CPU.Build.0 = Debug|Any CPU
		{AE132893-7F21-4F0F-BE99-FED03D0E5D89}.Release|Any CPU.ActiveCfg = Release|Any CPU
		{AE132893-7F21-4F0F-BE99-FED03D0E5D89}.Release|Any CPU.Build.0 = Release|Any CPU
		{CDFFAFB2-4D70-4EAB-ADF9-DB73BA805635}.Debug|Any CPU.ActiveCfg = Debug|Any CPU
		{CDFFAFB2-4D70-4EAB-ADF9-DB73BA805635}.Debug|Any CPU.Build.0 = Debug|Any CPU
		{CDFFAFB2-4D70-4EAB-ADF9-DB73BA805635}.Release|Any CPU.ActiveCfg = Release|Any CPU
		{CDFFAFB2-4D70-4EAB-ADF9-DB73BA805635}.Release|Any CPU.Build.0 = Release|Any CPU
	EndGlobalSection
	GlobalSection(SolutionProperties) = preSolution
		HideSolutionNode = FALSE
	EndGlobalSection
	GlobalSection(ExtensibilityGlobals) = postSolution
		SolutionGuid = {35DDD333-3FC6-453D-AE03-E189B869BDF8}
	EndGlobalSection
EndGlobal
