
Microsoft Visual Studio Solution File, Format Version 12.00
# Visual Studio Version 17
VisualStudioVersion = 17.11.35312.102
MinimumVisualStudioVersion = 10.0.40219.1
Project("{FAE04EC0-301F-11D3-BF4B-00C04F79EFBC}") = "D09dagnummernaarmaand", "D09dagnummernaarmaand\D09dagnummernaarmaand.csproj", "{B220AC22-C54C-466D-9C53-8DB21F40D158}"
EndProject
Global
	GlobalSection(SolutionConfigurationPlatforms) = preSolution
		Debug|Any CPU = Debug|Any CPU
		Release|Any CPU = Release|Any CPU
	EndGlobalSection
	GlobalSection(ProjectConfigurationPlatforms) = postSolution
		{B220AC22-C54C-466D-9C53-8DB21F40D158}.Debug|Any CPU.ActiveCfg = Debug|Any CPU
		{B220AC22-C54C-466D-9C53-8DB21F40D158}.Debug|Any CPU.Build.0 = Debug|Any CPU
		{B220AC22-C54C-466D-9C53-8DB21F40D158}.Release|Any CPU.ActiveCfg = Release|Any CPU
		{B220AC22-C54C-466D-9C53-8DB21F40D158}.Release|Any CPU.Build.0 = Release|Any CPU
	EndGlobalSection
	GlobalSection(SolutionProperties) = preSolution
		HideSolutionNode = FALSE
	EndGlobalSection
	GlobalSection(ExtensibilityGlobals) = postSolution
		SolutionGuid = {58E7787B-FADC-4C77-A3A6-BC6254233103}
	EndGlobalSection
EndGlobal
