
Microsoft Visual Studio Solution File, Format Version 12.00
# Visual Studio Version 17
VisualStudioVersion = 17.11.35312.102
MinimumVisualStudioVersion = 10.0.40219.1
Project("{FAE04EC0-301F-11D3-BF4B-00C04F79EFBC}") = "D08_omgekeerdevolgordehoeveel", "D08_omgekeerdevolgordehoeveel\D08_omgekeerdevolgordehoeveel.csproj", "{8A0D01EC-D061-49CB-9560-180CA768663B}"
EndProject
Global
	GlobalSection(SolutionConfigurationPlatforms) = preSolution
		Debug|Any CPU = Debug|Any CPU
		Release|Any CPU = Release|Any CPU
	EndGlobalSection
	GlobalSection(ProjectConfigurationPlatforms) = postSolution
		{8A0D01EC-D061-49CB-9560-180CA768663B}.Debug|Any CPU.ActiveCfg = Debug|Any CPU
		{8A0D01EC-D061-49CB-9560-180CA768663B}.Debug|Any CPU.Build.0 = Debug|Any CPU
		{8A0D01EC-D061-49CB-9560-180CA768663B}.Release|Any CPU.ActiveCfg = Release|Any CPU
		{8A0D01EC-D061-49CB-9560-180CA768663B}.Release|Any CPU.Build.0 = Release|Any CPU
	EndGlobalSection
	GlobalSection(SolutionProperties) = preSolution
		HideSolutionNode = FALSE
	EndGlobalSection
	GlobalSection(ExtensibilityGlobals) = postSolution
		SolutionGuid = {6B1DDB81-CE1A-40DB-AE60-61C8A88B28CC}
	EndGlobalSection
EndGlobal
