
Microsoft Visual Studio Solution File, Format Version 12.00
# Visual Studio Version 17
VisualStudioVersion = 17.11.35312.102
MinimumVisualStudioVersion = 10.0.40219.1
Project("{FAE04EC0-301F-11D3-BF4B-00C04F79EFBC}") = "D15rekeningkantoor", "D15rekeningkantoor\D15rekeningkantoor.csproj", "{D6376847-6E12-4D7C-AD2C-76480364E8FA}"
EndProject
Global
	GlobalSection(SolutionConfigurationPlatforms) = preSolution
		Debug|Any CPU = Debug|Any CPU
		Release|Any CPU = Release|Any CPU
	EndGlobalSection
	GlobalSection(ProjectConfigurationPlatforms) = postSolution
		{D6376847-6E12-4D7C-AD2C-76480364E8FA}.Debug|Any CPU.ActiveCfg = Debug|Any CPU
		{D6376847-6E12-4D7C-AD2C-76480364E8FA}.Debug|Any CPU.Build.0 = Debug|Any CPU
		{D6376847-6E12-4D7C-AD2C-76480364E8FA}.Release|Any CPU.ActiveCfg = Release|Any CPU
		{D6376847-6E12-4D7C-AD2C-76480364E8FA}.Release|Any CPU.Build.0 = Release|Any CPU
	EndGlobalSection
	GlobalSection(SolutionProperties) = preSolution
		HideSolutionNode = FALSE
	EndGlobalSection
	GlobalSection(ExtensibilityGlobals) = postSolution
		SolutionGuid = {4934194D-1A87-437F-AF64-721E4A5C299B}
	EndGlobalSection
EndGlobal
