
Microsoft Visual Studio Solution File, Format Version 12.00
# Visual Studio Version 17
VisualStudioVersion = 17.11.35312.102
MinimumVisualStudioVersion = 10.0.40219.1
Project("{FAE04EC0-301F-11D3-BF4B-00C04F79EFBC}") = "D12kortingplusbtw", "D12kortingplusbtw\D12kortingplusbtw.csproj", "{81F4D075-0A0C-42DD-9B79-6707198BE134}"
EndProject
Global
	GlobalSection(SolutionConfigurationPlatforms) = preSolution
		Debug|Any CPU = Debug|Any CPU
		Release|Any CPU = Release|Any CPU
	EndGlobalSection
	GlobalSection(ProjectConfigurationPlatforms) = postSolution
		{81F4D075-0A0C-42DD-9B79-6707198BE134}.Debug|Any CPU.ActiveCfg = Debug|Any CPU
		{81F4D075-0A0C-42DD-9B79-6707198BE134}.Debug|Any CPU.Build.0 = Debug|Any CPU
		{81F4D075-0A0C-42DD-9B79-6707198BE134}.Release|Any CPU.ActiveCfg = Release|Any CPU
		{81F4D075-0A0C-42DD-9B79-6707198BE134}.Release|Any CPU.Build.0 = Release|Any CPU
	EndGlobalSection
	GlobalSection(SolutionProperties) = preSolution
		HideSolutionNode = FALSE
	EndGlobalSection
	GlobalSection(ExtensibilityGlobals) = postSolution
		SolutionGuid = {423F9C0C-27D9-4917-A683-46226710F9B9}
	EndGlobalSection
EndGlobal
