
Microsoft Visual Studio Solution File, Format Version 12.00
# Visual Studio Version 17
VisualStudioVersion = 17.11.35312.102
MinimumVisualStudioVersion = 10.0.40219.1
Project("{FAE04EC0-301F-11D3-BF4B-00C04F79EFBC}") = "D04ohm", "D04ohm\D04ohm.csproj", "{525BAA01-DB10-4384-88A4-0A4BFB1E61C1}"
EndProject
Global
	GlobalSection(SolutionConfigurationPlatforms) = preSolution
		Debug|Any CPU = Debug|Any CPU
		Release|Any CPU = Release|Any CPU
	EndGlobalSection
	GlobalSection(ProjectConfigurationPlatforms) = postSolution
		{525BAA01-DB10-4384-88A4-0A4BFB1E61C1}.Debug|Any CPU.ActiveCfg = Debug|Any CPU
		{525BAA01-DB10-4384-88A4-0A4BFB1E61C1}.Debug|Any CPU.Build.0 = Debug|Any CPU
		{525BAA01-DB10-4384-88A4-0A4BFB1E61C1}.Release|Any CPU.ActiveCfg = Release|Any CPU
		{525BAA01-DB10-4384-88A4-0A4BFB1E61C1}.Release|Any CPU.Build.0 = Release|Any CPU
	EndGlobalSection
	GlobalSection(SolutionProperties) = preSolution
		HideSolutionNode = FALSE
	EndGlobalSection
	GlobalSection(ExtensibilityGlobals) = postSolution
		SolutionGuid = {8951613D-B554-4B96-98E9-5326D6482C7B}
	EndGlobalSection
EndGlobal
