
Microsoft Visual Studio Solution File, Format Version 12.00
# Visual Studio Version 17
VisualStudioVersion = 17.11.35312.102
MinimumVisualStudioVersion = 10.0.40219.1
Project("{FAE04EC0-301F-11D3-BF4B-00C04F79EFBC}") = "D11charcount", "D11charcount\D11charcount.csproj", "{55C95997-7726-4CC3-89D3-F3E6F68BF5D0}"
EndProject
Global
	GlobalSection(SolutionConfigurationPlatforms) = preSolution
		Debug|Any CPU = Debug|Any CPU
		Release|Any CPU = Release|Any CPU
	EndGlobalSection
	GlobalSection(ProjectConfigurationPlatforms) = postSolution
		{55C95997-7726-4CC3-89D3-F3E6F68BF5D0}.Debug|Any CPU.ActiveCfg = Debug|Any CPU
		{55C95997-7726-4CC3-89D3-F3E6F68BF5D0}.Debug|Any CPU.Build.0 = Debug|Any CPU
		{55C95997-7726-4CC3-89D3-F3E6F68BF5D0}.Release|Any CPU.ActiveCfg = Release|Any CPU
		{55C95997-7726-4CC3-89D3-F3E6F68BF5D0}.Release|Any CPU.Build.0 = Release|Any CPU
	EndGlobalSection
	GlobalSection(SolutionProperties) = preSolution
		HideSolutionNode = FALSE
	EndGlobalSection
	GlobalSection(ExtensibilityGlobals) = postSolution
		SolutionGuid = {C289CC30-0048-4CE3-8CD5-37BE82E26D70}
	EndGlobalSection
EndGlobal
