
Microsoft Visual Studio Solution File, Format Version 12.00
# Visual Studio Version 17
VisualStudioVersion = 17.11.35312.102
MinimumVisualStudioVersion = 10.0.40219.1
Project("{FAE04EC0-301F-11D3-BF4B-00C04F79EFBC}") = "D11palindroom", "D11palindroom\D11palindroom.csproj", "{867B242A-D7D8-496A-92BF-FF6B1649B29B}"
EndProject
Global
	GlobalSection(SolutionConfigurationPlatforms) = preSolution
		Debug|Any CPU = Debug|Any CPU
		Release|Any CPU = Release|Any CPU
	EndGlobalSection
	GlobalSection(ProjectConfigurationPlatforms) = postSolution
		{867B242A-D7D8-496A-92BF-FF6B1649B29B}.Debug|Any CPU.ActiveCfg = Debug|Any CPU
		{867B242A-D7D8-496A-92BF-FF6B1649B29B}.Debug|Any CPU.Build.0 = Debug|Any CPU
		{867B242A-D7D8-496A-92BF-FF6B1649B29B}.Release|Any CPU.ActiveCfg = Release|Any CPU
		{867B242A-D7D8-496A-92BF-FF6B1649B29B}.Release|Any CPU.Build.0 = Release|Any CPU
	EndGlobalSection
	GlobalSection(SolutionProperties) = preSolution
		HideSolutionNode = FALSE
	EndGlobalSection
	GlobalSection(ExtensibilityGlobals) = postSolution
		SolutionGuid = {D645EA52-518D-4B99-A526-D0840B4313CE}
	EndGlobalSection
EndGlobal
