
Microsoft Visual Studio Solution File, Format Version 12.00
# Visual Studio Version 17
VisualStudioVersion = 17.11.35312.102
MinimumVisualStudioVersion = 10.0.40219.1
Project("{FAE04EC0-301F-11D3-BF4B-00C04F79EFBC}") = "D08feestdagen", "D08feestdagen\D08feestdagen.csproj", "{91B663DF-60AC-4BF0-AADE-DE52577F96BB}"
EndProject
Global
	GlobalSection(SolutionConfigurationPlatforms) = preSolution
		Debug|Any CPU = Debug|Any CPU
		Release|Any CPU = Release|Any CPU
	EndGlobalSection
	GlobalSection(ProjectConfigurationPlatforms) = postSolution
		{91B663DF-60AC-4BF0-AADE-DE52577F96BB}.Debug|Any CPU.ActiveCfg = Debug|Any CPU
		{91B663DF-60AC-4BF0-AADE-DE52577F96BB}.Debug|Any CPU.Build.0 = Debug|Any CPU
		{91B663DF-60AC-4BF0-AADE-DE52577F96BB}.Release|Any CPU.ActiveCfg = Release|Any CPU
		{91B663DF-60AC-4BF0-AADE-DE52577F96BB}.Release|Any CPU.Build.0 = Release|Any CPU
	EndGlobalSection
	GlobalSection(SolutionProperties) = preSolution
		HideSolutionNode = FALSE
	EndGlobalSection
	GlobalSection(ExtensibilityGlobals) = postSolution
		SolutionGuid = {F979B79A-FC10-44FA-B613-E012AA333939}
	EndGlobalSection
EndGlobal
