
Microsoft Visual Studio Solution File, Format Version 12.00
# Visual Studio Version 17
VisualStudioVersion = 17.11.35312.102
MinimumVisualStudioVersion = 10.0.40219.1
Project("{FAE04EC0-301F-11D3-BF4B-00C04F79EFBC}") = "D14selecteerwinnaarProject", "D14selecteerwinnaarProject\D14selecteerwinnaarProject.csproj", "{AE77AB7D-B3D5-4DC6-A16C-78A8B00944D2}"
EndProject
Global
	GlobalSection(SolutionConfigurationPlatforms) = preSolution
		Debug|Any CPU = Debug|Any CPU
		Release|Any CPU = Release|Any CPU
	EndGlobalSection
	GlobalSection(ProjectConfigurationPlatforms) = postSolution
		{AE77AB7D-B3D5-4DC6-A16C-78A8B00944D2}.Debug|Any CPU.ActiveCfg = Debug|Any CPU
		{AE77AB7D-B3D5-4DC6-A16C-78A8B00944D2}.Debug|Any CPU.Build.0 = Debug|Any CPU
		{AE77AB7D-B3D5-4DC6-A16C-78A8B00944D2}.Release|Any CPU.ActiveCfg = Release|Any CPU
		{AE77AB7D-B3D5-4DC6-A16C-78A8B00944D2}.Release|Any CPU.Build.0 = Release|Any CPU
	EndGlobalSection
	GlobalSection(SolutionProperties) = preSolution
		HideSolutionNode = FALSE
	EndGlobalSection
	GlobalSection(ExtensibilityGlobals) = postSolution
		SolutionGuid = {E22AC1AE-E05F-4DB5-9380-DBF4A28BBD8C}
	EndGlobalSection
EndGlobal
