
Microsoft Visual Studio Solution File, Format Version 12.00
# Visual Studio Version 17
VisualStudioVersion = 17.11.35312.102
MinimumVisualStudioVersion = 10.0.40219.1
Project("{FAE04EC0-301F-11D3-BF4B-00C04F79EFBC}") = "D11reversearray", "D11reversearray\D11reversearray.csproj", "{6372FC7A-3FAB-4C59-BA6B-B0C2C52DCA01}"
EndProject
Global
	GlobalSection(SolutionConfigurationPlatforms) = preSolution
		Debug|Any CPU = Debug|Any CPU
		Release|Any CPU = Release|Any CPU
	EndGlobalSection
	GlobalSection(ProjectConfigurationPlatforms) = postSolution
		{6372FC7A-3FAB-4C59-BA6B-B0C2C52DCA01}.Debug|Any CPU.ActiveCfg = Debug|Any CPU
		{6372FC7A-3FAB-4C59-BA6B-B0C2C52DCA01}.Debug|Any CPU.Build.0 = Debug|Any CPU
		{6372FC7A-3FAB-4C59-BA6B-B0C2C52DCA01}.Release|Any CPU.ActiveCfg = Release|Any CPU
		{6372FC7A-3FAB-4C59-BA6B-B0C2C52DCA01}.Release|Any CPU.Build.0 = Release|Any CPU
	EndGlobalSection
	GlobalSection(SolutionProperties) = preSolution
		HideSolutionNode = FALSE
	EndGlobalSection
	GlobalSection(ExtensibilityGlobals) = postSolution
		SolutionGuid = {2B1E71BB-9B5D-4035-8E13-27CAC3F98EF8}
	EndGlobalSection
EndGlobal
