
Microsoft Visual Studio Solution File, Format Version 12.00
# Visual Studio Version 17
VisualStudioVersion = 17.11.35312.102
MinimumVisualStudioVersion = 10.0.40219.1
Project("{FAE04EC0-301F-11D3-BF4B-00C04F79EFBC}") = "D08woordslang", "D08woordslang\D08woordslang.csproj", "{17433F7D-3A3A-47D4-9037-B1FB24A0CF86}"
EndProject
Global
	GlobalSection(SolutionConfigurationPlatforms) = preSolution
		Debug|Any CPU = Debug|Any CPU
		Release|Any CPU = Release|Any CPU
	EndGlobalSection
	GlobalSection(ProjectConfigurationPlatforms) = postSolution
		{17433F7D-3A3A-47D4-9037-B1FB24A0CF86}.Debug|Any CPU.ActiveCfg = Debug|Any CPU
		{17433F7D-3A3A-47D4-9037-B1FB24A0CF86}.Debug|Any CPU.Build.0 = Debug|Any CPU
		{17433F7D-3A3A-47D4-9037-B1FB24A0CF86}.Release|Any CPU.ActiveCfg = Release|Any CPU
		{17433F7D-3A3A-47D4-9037-B1FB24A0CF86}.Release|Any CPU.Build.0 = Release|Any CPU
	EndGlobalSection
	GlobalSection(SolutionProperties) = preSolution
		HideSolutionNode = FALSE
	EndGlobalSection
	GlobalSection(ExtensibilityGlobals) = postSolution
		SolutionGuid = {5EDDF65A-3CEB-4210-B8FE-8ED18190A38A}
	EndGlobalSection
EndGlobal
