
Microsoft Visual Studio Solution File, Format Version 12.00
# Visual Studio Version 17
VisualStudioVersion = 17.11.35312.102
MinimumVisualStudioVersion = 10.0.40219.1
Project("{FAE04EC0-301F-11D3-BF4B-00C04F79EFBC}") = "D01_codepositioneren", "D01_codepositioneren\D01_codepositioneren.csproj", "{E4596A1A-E4F8-4202-8E18-D3B771FBECDD}"
EndProject
Global
	GlobalSection(SolutionConfigurationPlatforms) = preSolution
		Debug|Any CPU = Debug|Any CPU
		Release|Any CPU = Release|Any CPU
	EndGlobalSection
	GlobalSection(ProjectConfigurationPlatforms) = postSolution
		{E4596A1A-E4F8-4202-8E18-D3B771FBECDD}.Debug|Any CPU.ActiveCfg = Debug|Any CPU
		{E4596A1A-E4F8-4202-8E18-D3B771FBECDD}.Debug|Any CPU.Build.0 = Debug|Any CPU
		{E4596A1A-E4F8-4202-8E18-D3B771FBECDD}.Release|Any CPU.ActiveCfg = Release|Any CPU
		{E4596A1A-E4F8-4202-8E18-D3B771FBECDD}.Release|Any CPU.Build.0 = Release|Any CPU
	EndGlobalSection
	GlobalSection(SolutionProperties) = preSolution
		HideSolutionNode = FALSE
	EndGlobalSection
	GlobalSection(ExtensibilityGlobals) = postSolution
		SolutionGuid = {0EA232AE-3C86-4E33-9E35-826060D703BF}
	EndGlobalSection
EndGlobal
