
Microsoft Visual Studio Solution File, Format Version 12.00
# Visual Studio Version 17
VisualStudioVersion = 17.11.35312.102
MinimumVisualStudioVersion = 10.0.40219.1
Project("{FAE04EC0-301F-11D3-BF4B-00C04F79EFBC}") = "D08volgordeomwisselen", "D08volgordeomwisselen\D08volgordeomwisselen.csproj", "{4328D859-B837-469F-8125-2E1A32200587}"
EndProject
Global
	GlobalSection(SolutionConfigurationPlatforms) = preSolution
		Debug|Any CPU = Debug|Any CPU
		Release|Any CPU = Release|Any CPU
	EndGlobalSection
	GlobalSection(ProjectConfigurationPlatforms) = postSolution
		{4328D859-B837-469F-8125-2E1A32200587}.Debug|Any CPU.ActiveCfg = Debug|Any CPU
		{4328D859-B837-469F-8125-2E1A32200587}.Debug|Any CPU.Build.0 = Debug|Any CPU
		{4328D859-B837-469F-8125-2E1A32200587}.Release|Any CPU.ActiveCfg = Release|Any CPU
		{4328D859-B837-469F-8125-2E1A32200587}.Release|Any CPU.Build.0 = Release|Any CPU
	EndGlobalSection
	GlobalSection(SolutionProperties) = preSolution
		HideSolutionNode = FALSE
	EndGlobalSection
	GlobalSection(ExtensibilityGlobals) = postSolution
		SolutionGuid = {759AE923-5FFC-4416-85D1-EB493EAB22FD}
	EndGlobalSection
EndGlobal
