
Microsoft Visual Studio Solution File, Format Version 12.00
# Visual Studio Version 17
VisualStudioVersion = 17.11.35312.102
MinimumVisualStudioVersion = 10.0.40219.1
Project("{FAE04EC0-301F-11D3-BF4B-00C04F79EFBC}") = "D09_maximumtemperatuur", "D09_maximumtemperatuur\D09_maximumtemperatuur.csproj", "{DFC1783C-02BA-4DCF-850E-10CA0B5C7207}"
EndProject
Global
	GlobalSection(SolutionConfigurationPlatforms) = preSolution
		Debug|Any CPU = Debug|Any CPU
		Release|Any CPU = Release|Any CPU
	EndGlobalSection
	GlobalSection(ProjectConfigurationPlatforms) = postSolution
		{DFC1783C-02BA-4DCF-850E-10CA0B5C7207}.Debug|Any CPU.ActiveCfg = Debug|Any CPU
		{DFC1783C-02BA-4DCF-850E-10CA0B5C7207}.Debug|Any CPU.Build.0 = Debug|Any CPU
		{DFC1783C-02BA-4DCF-850E-10CA0B5C7207}.Release|Any CPU.ActiveCfg = Release|Any CPU
		{DFC1783C-02BA-4DCF-850E-10CA0B5C7207}.Release|Any CPU.Build.0 = Release|Any CPU
	EndGlobalSection
	GlobalSection(SolutionProperties) = preSolution
		HideSolutionNode = FALSE
	EndGlobalSection
	GlobalSection(ExtensibilityGlobals) = postSolution
		SolutionGuid = {CDA99943-477A-4D73-B8DC-8092AE0EFEBC}
	EndGlobalSection
EndGlobal
