
Microsoft Visual Studio Solution File, Format Version 12.00
# Visual Studio Version 17
VisualStudioVersion = 17.13.35825.156 d17.13
MinimumVisualStudioVersion = 10.0.40219.1
Project("{FAE04EC0-301F-11D3-BF4B-00C04F79EFBC}") = "Rechthoek.Domein", "Rechthoek\Rechthoek.Domein.csproj", "{9CBCFE5D-882B-48D0-A6FF-64DA5AFCF8C0}"
EndProject
Project("{FAE04EC0-301F-11D3-BF4B-00C04F79EFBC}") = "RechthoekProject.Domein.Tests", "RechthoekProject.Domein.Tests\RechthoekProject.Domein.Tests.csproj", "{EBDE3EE5-F9D0-496F-BD5F-6686A8BAD1E2}"
EndProject
Global
	GlobalSection(SolutionConfigurationPlatforms) = preSolution
		Debug|Any CPU = Debug|Any CPU
		Release|Any CPU = Release|Any CPU
	EndGlobalSection
	GlobalSection(ProjectConfigurationPlatforms) = postSolution
		{9CBCFE5D-882B-48D0-A6FF-64DA5AFCF8C0}.Debug|Any CPU.ActiveCfg = Debug|Any CPU
		{9CBCFE5D-882B-48D0-A6FF-64DA5AFCF8C0}.Debug|Any CPU.Build.0 = Debug|Any CPU
		{9CBCFE5D-882B-48D0-A6FF-64DA5AFCF8C0}.Release|Any CPU.ActiveCfg = Release|Any CPU
		{9CBCFE5D-882B-48D0-A6FF-64DA5AFCF8C0}.Release|Any CPU.Build.0 = Release|Any CPU
		{EBDE3EE5-F9D0-496F-BD5F-6686A8BAD1E2}.Debug|Any CPU.ActiveCfg = Debug|Any CPU
		{EBDE3EE5-F9D0-496F-BD5F-6686A8BAD1E2}.Debug|Any CPU.Build.0 = Debug|Any CPU
		{EBDE3EE5-F9D0-496F-BD5F-6686A8BAD1E2}.Release|Any CPU.ActiveCfg = Release|Any CPU
		{EBDE3EE5-F9D0-496F-BD5F-6686A8BAD1E2}.Release|Any CPU.Build.0 = Release|Any CPU
	EndGlobalSection
	GlobalSection(SolutionProperties) = preSolution
		HideSolutionNode = FALSE
	EndGlobalSection
	GlobalSection(ExtensibilityGlobals) = postSolution
		SolutionGuid = {41B9CFDD-C3B9-4BA5-B58B-70E0CACAA650}
	EndGlobalSection
EndGlobal
