
Microsoft Visual Studio Solution File, Format Version 12.00
# Visual Studio Version 17
VisualStudioVersion = 17.11.35312.102
MinimumVisualStudioVersion = 10.0.40219.1
Project("{FAE04EC0-301F-11D3-BF4B-00C04F79EFBC}") = "D11reversetext", "D11reversetext\D11reversetext.csproj", "{038945A1-0008-47BF-A822-2C262B70DFDE}"
EndProject
Global
	GlobalSection(SolutionConfigurationPlatforms) = preSolution
		Debug|Any CPU = Debug|Any CPU
		Release|Any CPU = Release|Any CPU
	EndGlobalSection
	GlobalSection(ProjectConfigurationPlatforms) = postSolution
		{038945A1-0008-47BF-A822-2C262B70DFDE}.Debug|Any CPU.ActiveCfg = Debug|Any CPU
		{038945A1-0008-47BF-A822-2C262B70DFDE}.Debug|Any CPU.Build.0 = Debug|Any CPU
		{038945A1-0008-47BF-A822-2C262B70DFDE}.Release|Any CPU.ActiveCfg = Release|Any CPU
		{038945A1-0008-47BF-A822-2C262B70DFDE}.Release|Any CPU.Build.0 = Release|Any CPU
	EndGlobalSection
	GlobalSection(SolutionProperties) = preSolution
		HideSolutionNode = FALSE
	EndGlobalSection
	GlobalSection(ExtensibilityGlobals) = postSolution
		SolutionGuid = {8318B39E-DC46-4EBB-ADE0-345A5B149088}
	EndGlobalSection
EndGlobal
