
Microsoft Visual Studio Solution File, Format Version 12.00
# Visual Studio Version 17
VisualStudioVersion = 17.11.35312.102
MinimumVisualStudioVersion = 10.0.40219.1
Project("{FAE04EC0-301F-11D3-BF4B-00C04F79EFBC}") = "D02quotient", "D02quotient\D02quotient.csproj", "{E510B410-29AC-42BF-A1F3-35AC9F4FB178}"
EndProject
Global
	GlobalSection(SolutionConfigurationPlatforms) = preSolution
		Debug|Any CPU = Debug|Any CPU
		Release|Any CPU = Release|Any CPU
	EndGlobalSection
	GlobalSection(ProjectConfigurationPlatforms) = postSolution
		{E510B410-29AC-42BF-A1F3-35AC9F4FB178}.Debug|Any CPU.ActiveCfg = Debug|Any CPU
		{E510B410-29AC-42BF-A1F3-35AC9F4FB178}.Debug|Any CPU.Build.0 = Debug|Any CPU
		{E510B410-29AC-42BF-A1F3-35AC9F4FB178}.Release|Any CPU.ActiveCfg = Release|Any CPU
		{E510B410-29AC-42BF-A1F3-35AC9F4FB178}.Release|Any CPU.Build.0 = Release|Any CPU
	EndGlobalSection
	GlobalSection(SolutionProperties) = preSolution
		HideSolutionNode = FALSE
	EndGlobalSection
	GlobalSection(ExtensibilityGlobals) = postSolution
		SolutionGuid = {50FF37E6-9714-44F0-BE7B-A528E1D071E5}
	EndGlobalSection
EndGlobal
