
Microsoft Visual Studio Solution File, Format Version 12.00
# Visual Studio Version 17
VisualStudioVersion = 17.11.35312.102
MinimumVisualStudioVersion = 10.0.40219.1
Project("{FAE04EC0-301F-11D3-BF4B-00C04F79EFBC}") = "D13srt", "D13srt\D13srt.csproj", "{B8479B12-E969-430A-9CF4-15F7B7662EFC}"
EndProject
Global
	GlobalSection(SolutionConfigurationPlatforms) = preSolution
		Debug|Any CPU = Debug|Any CPU
		Release|Any CPU = Release|Any CPU
	EndGlobalSection
	GlobalSection(ProjectConfigurationPlatforms) = postSolution
		{B8479B12-E969-430A-9CF4-15F7B7662EFC}.Debug|Any CPU.ActiveCfg = Debug|Any CPU
		{B8479B12-E969-430A-9CF4-15F7B7662EFC}.Debug|Any CPU.Build.0 = Debug|Any CPU
		{B8479B12-E969-430A-9CF4-15F7B7662EFC}.Release|Any CPU.ActiveCfg = Release|Any CPU
		{B8479B12-E969-430A-9CF4-15F7B7662EFC}.Release|Any CPU.Build.0 = Release|Any CPU
	EndGlobalSection
	GlobalSection(SolutionProperties) = preSolution
		HideSolutionNode = FALSE
	EndGlobalSection
	GlobalSection(ExtensibilityGlobals) = postSolution
		SolutionGuid = {28599DA2-279D-487B-9A48-7318AAA2BFB3}
	EndGlobalSection
EndGlobal
